
Microsoft Visual Studio Solution File, Format Version 12.00
# Visual Studio Version 17
VisualStudioVersion = 17.0.31903.59
MinimumVisualStudioVersion = 10.0.40219.1
Project("{2150E333-8FDC-42A3-9474-1A3956D46DE8}") = "src", "src", "{827E0CD3-B72D-47B6-A68D-7590B98EB39B}"
EndProject
Project("{2150E333-8FDC-42A3-9474-1A3956D46DE8}") = "Shared", "Shared", "{C8E42992-5E42-0C2B-DBFE-AA848D06431C}"
EndProject
Project("{FAE04EC0-301F-11D3-BF4B-00C04F79EFBC}") = "Shared.Messaging.Abstractions", "src\Shared\Shared.Messaging.Abstractions\Shared.Messaging.Abstractions.csproj", "{E4A3A952-3848-4E72-A596-5CDCFDC70375}"
EndProject
Project("{FAE04EC0-301F-11D3-BF4B-00C04F79EFBC}") = "Shared.Domain", "src\Shared\Shared.Domain\Shared.Domain.csproj", "{6EFAD305-8F3A-4D73-8BA6-BD997D619388}"
EndProject
Project("{FAE04EC0-301F-11D3-BF4B-00C04F79EFBC}") = "Shared.Contracts", "src\Shared\Shared.Contracts\Shared.Contracts.csproj", "{A6F9618F-2D03-4835-A7E6-EEA96B5474EA}"
EndProject
Project("{FAE04EC0-301F-11D3-BF4B-00C04F79EFBC}") = "Shared.Messaging.Redis", "src\Shared\Shared.Messaging.Redis\Shared.Messaging.Redis.csproj", "{00091396-3231-44A6-B561-B8EDC00E7493}"
EndProject
Project("{FAE04EC0-301F-11D3-BF4B-00C04F79EFBC}") = "Shared.Messaging.UdpMulticast", "src\Shared\Shared.Messaging.UdpMulticast\Shared.Messaging.UdpMulticast.csproj", "{049C1740-6BD3-422A-866D-C994D1390F06}"
EndProject
Project("{FAE04EC0-301F-11D3-BF4B-00C04F79EFBC}") = "Shared.Messaging.AzureServiceBus", "src\Shared\Shared.Messaging.AzureServiceBus\Shared.Messaging.AzureServiceBus.csproj", "{C6AAC36D-EE60-494C-B251-301BD68BB997}"
EndProject
Project("{FAE04EC0-301F-11D3-BF4B-00C04F79EFBC}") = "Shared.Messaging.Ccsds", "src\Shared\Shared.Messaging.Ccsds\Shared.Messaging.Ccsds.csproj", "{AF030D02-B7F1-4402-9CF8-D853DA8A6DF3}"
EndProject
Project("{FAE04EC0-301F-11D3-BF4B-00C04F79EFBC}") = "FlightSimLibrary.Shared", "src\Shared\FlightSimLibrary.Shared\FlightSimLibrary.Shared.csproj", "{8A7B1781-0FE3-474A-B1E0-2ED4D3C48516}"
EndProject
Global
	GlobalSection(SolutionConfigurationPlatforms) = preSolution
		Debug|Any CPU = Debug|Any CPU
		Debug|x64 = Debug|x64
		Debug|x86 = Debug|x86
		Release|Any CPU = Release|Any CPU
		Release|x64 = Release|x64
		Release|x86 = Release|x86
	EndGlobalSection
	GlobalSection(ProjectConfigurationPlatforms) = postSolution
		{E4A3A952-3848-4E72-A596-5CDCFDC70375}.Debug|Any CPU.ActiveCfg = Debug|Any CPU
		{E4A3A952-3848-4E72-A596-5CDCFDC70375}.Debug|Any CPU.Build.0 = Debug|Any CPU
		{E4A3A952-3848-4E72-A596-5CDCFDC70375}.Debug|x64.ActiveCfg = Debug|Any CPU
		{E4A3A952-3848-4E72-A596-5CDCFDC70375}.Debug|x64.Build.0 = Debug|Any CPU
		{E4A3A952-3848-4E72-A596-5CDCFDC70375}.Debug|x86.ActiveCfg = Debug|Any CPU
		{E4A3A952-3848-4E72-A596-5CDCFDC70375}.Debug|x86.Build.0 = Debug|Any CPU
		{E4A3A952-3848-4E72-A596-5CDCFDC70375}.Release|Any CPU.ActiveCfg = Release|Any CPU
		{E4A3A952-3848-4E72-A596-5CDCFDC70375}.Release|Any CPU.Build.0 = Release|Any CPU
		{E4A3A952-3848-4E72-A596-5CDCFDC70375}.Release|x64.ActiveCfg = Release|Any CPU
		{E4A3A952-3848-4E72-A596-5CDCFDC70375}.Release|x64.Build.0 = Release|Any CPU
		{E4A3A952-3848-4E72-A596-5CDCFDC70375}.Release|x86.ActiveCfg = Release|Any CPU
		{E4A3A952-3848-4E72-A596-5CDCFDC70375}.Release|x86.Build.0 = Release|Any CPU
		{6EFAD305-8F3A-4D73-8BA6-BD997D619388}.Debug|Any CPU.ActiveCfg = Debug|Any CPU
		{6EFAD305-8F3A-4D73-8BA6-BD997D619388}.Debug|Any CPU.Build.0 = Debug|Any CPU
		{6EFAD305-8F3A-4D73-8BA6-BD997D619388}.Debug|x64.ActiveCfg = Debug|Any CPU
		{6EFAD305-8F3A-4D73-8BA6-BD997D619388}.Debug|x64.Build.0 = Debug|Any CPU
		{6EFAD305-8F3A-4D73-8BA6-BD997D619388}.Debug|x86.ActiveCfg = Debug|Any CPU
		{6EFAD305-8F3A-4D73-8BA6-BD997D619388}.Debug|x86.Build.0 = Debug|Any CPU
		{6EFAD305-8F3A-4D73-8BA6-BD997D619388}.Release|Any CPU.ActiveCfg = Release|Any CPU
		{6EFAD305-8F3A-4D73-8BA6-BD997D619388}.Release|Any CPU.Build.0 = Release|Any CPU
		{6EFAD305-8F3A-4D73-8BA6-BD997D619388}.Release|x64.ActiveCfg = Release|Any CPU
		{6EFAD305-8F3A-4D73-8BA6-BD997D619388}.Release|x64.Build.0 = Release|Any CPU
		{6EFAD305-8F3A-4D73-8BA6-BD997D619388}.Release|x86.ActiveCfg = Release|Any CPU
		{6EFAD305-8F3A-4D73-8BA6-BD997D619388}.Release|x86.Build.0 = Release|Any CPU
		{A6F9618F-2D03-4835-A7E6-EEA96B5474EA}.Debug|Any CPU.ActiveCfg = Debug|Any CPU
		{A6F9618F-2D03-4835-A7E6-EEA96B5474EA}.Debug|Any CPU.Build.0 = Debug|Any CPU
		{A6F9618F-2D03-4835-A7E6-EEA96B5474EA}.Debug|x64.ActiveCfg = Debug|Any CPU
		{A6F9618F-2D03-4835-A7E6-EEA96B5474EA}.Debug|x64.Build.0 = Debug|Any CPU
		{A6F9618F-2D03-4835-A7E6-EEA96B5474EA}.Debug|x86.ActiveCfg = Debug|Any CPU
		{A6F9618F-2D03-4835-A7E6-EEA96B5474EA}.Debug|x86.Build.0 = Debug|Any CPU
		{A6F9618F-2D03-4835-A7E6-EEA96B5474EA}.Release|Any CPU.ActiveCfg = Release|Any CPU
		{A6F9618F-2D03-4835-A7E6-EEA96B5474EA}.Release|Any CPU.Build.0 = Release|Any CPU
		{A6F9618F-2D03-4835-A7E6-EEA96B5474EA}.Release|x64.ActiveCfg = Release|Any CPU
		{A6F9618F-2D03-4835-A7E6-EEA96B5474EA}.Release|x64.Build.0 = Release|Any CPU
		{A6F9618F-2D03-4835-A7E6-EEA96B5474EA}.Release|x86.ActiveCfg = Release|Any CPU
		{A6F9618F-2D03-4835-A7E6-EEA96B5474EA}.Release|x86.Build.0 = Release|Any CPU
		{00091396-3231-44A6-B561-B8EDC00E7493}.Debug|Any CPU.ActiveCfg = Debug|Any CPU
		{00091396-3231-44A6-B561-B8EDC00E7493}.Debug|Any CPU.Build.0 = Debug|Any CPU
		{00091396-3231-44A6-B561-B8EDC00E7493}.Debug|x64.ActiveCfg = Debug|Any CPU
		{00091396-3231-44A6-B561-B8EDC00E7493}.Debug|x64.Build.0 = Debug|Any CPU
		{00091396-3231-44A6-B561-B8EDC00E7493}.Debug|x86.ActiveCfg = Debug|Any CPU
		{00091396-3231-44A6-B561-B8EDC00E7493}.Debug|x86.Build.0 = Debug|Any CPU
		{00091396-3231-44A6-B561-B8EDC00E7493}.Release|Any CPU.ActiveCfg = Release|Any CPU
		{00091396-3231-44A6-B561-B8EDC00E7493}.Release|Any CPU.Build.0 = Release|Any CPU
		{00091396-3231-44A6-B561-B8EDC00E7493}.Release|x64.ActiveCfg = Release|Any CPU
		{00091396-3231-44A6-B561-B8EDC00E7493}.Release|x64.Build.0 = Release|Any CPU
		{00091396-3231-44A6-B561-B8EDC00E7493}.Release|x86.ActiveCfg = Release|Any CPU
		{00091396-3231-44A6-B561-B8EDC00E7493}.Release|x86.Build.0 = Release|Any CPU
		{049C1740-6BD3-422A-866D-C994D1390F06}.Debug|Any CPU.ActiveCfg = Debug|Any CPU
		{049C1740-6BD3-422A-866D-C994D1390F06}.Debug|Any CPU.Build.0 = Debug|Any CPU
		{049C1740-6BD3-422A-866D-C994D1390F06}.Debug|x64.ActiveCfg = Debug|Any CPU
		{049C1740-6BD3-422A-866D-C994D1390F06}.Debug|x64.Build.0 = Debug|Any CPU
		{049C1740-6BD3-422A-866D-C994D1390F06}.Debug|x86.ActiveCfg = Debug|Any CPU
		{049C1740-6BD3-422A-866D-C994D1390F06}.Debug|x86.Build.0 = Debug|Any CPU
		{049C1740-6BD3-422A-866D-C994D1390F06}.Release|Any CPU.ActiveCfg = Release|Any CPU
		{049C1740-6BD3-422A-866D-C994D1390F06}.Release|Any CPU.Build.0 = Release|Any CPU
		{049C1740-6BD3-422A-866D-C994D1390F06}.Release|x64.ActiveCfg = Release|Any CPU
		{049C1740-6BD3-422A-866D-C994D1390F06}.Release|x64.Build.0 = Release|Any CPU
		{049C1740-6BD3-422A-866D-C994D1390F06}.Release|x86.ActiveCfg = Release|Any CPU
		{049C1740-6BD3-422A-866D-C994D1390F06}.Release|x86.Build.0 = Release|Any CPU
		{C6AAC36D-EE60-494C-B251-301BD68BB997}.Debug|Any CPU.ActiveCfg = Debug|Any CPU
		{C6AAC36D-EE60-494C-B251-301BD68BB997}.Debug|Any CPU.Build.0 = Debug|Any CPU
		{C6AAC36D-EE60-494C-B251-301BD68BB997}.Debug|x64.ActiveCfg = Debug|Any CPU
		{C6AAC36D-EE60-494C-B251-301BD68BB997}.Debug|x64.Build.0 = Debug|Any CPU
		{C6AAC36D-EE60-494C-B251-301BD68BB997}.Debug|x86.ActiveCfg = Debug|Any CPU
		{C6AAC36D-EE60-494C-B251-301BD68BB997}.Debug|x86.Build.0 = Debug|Any CPU
		{C6AAC36D-EE60-494C-B251-301BD68BB997}.Release|Any CPU.ActiveCfg = Release|Any CPU
		{C6AAC36D-EE60-494C-B251-301BD68BB997}.Release|Any CPU.Build.0 = Release|Any CPU
		{C6AAC36D-EE60-494C-B251-301BD68BB997}.Release|x64.ActiveCfg = Release|Any CPU
		{C6AAC36D-EE60-494C-B251-301BD68BB997}.Release|x64.Build.0 = Release|Any CPU
		{C6AAC36D-EE60-494C-B251-301BD68BB997}.Release|x86.ActiveCfg = Release|Any CPU
		{C6AAC36D-EE60-494C-B251-301BD68BB997}.Release|x86.Build.0 = Release|Any CPU
		{AF030D02-B7F1-4402-9CF8-D853DA8A6DF3}.Debug|Any CPU.ActiveCfg = Debug|Any CPU
		{AF030D02-B7F1-4402-9CF8-D853DA8A6DF3}.Debug|Any CPU.Build.0 = Debug|Any CPU
		{AF030D02-B7F1-4402-9CF8-D853DA8A6DF3}.Debug|x64.ActiveCfg = Debug|Any CPU
		{AF030D02-B7F1-4402-9CF8-D853DA8A6DF3}.Debug|x64.Build.0 = Debug|Any CPU
		{AF030D02-B7F1-4402-9CF8-D853DA8A6DF3}.Debug|x86.ActiveCfg = Debug|Any CPU
		{AF030D02-B7F1-4402-9CF8-D853DA8A6DF3}.Debug|x86.Build.0 = Debug|Any CPU
		{AF030D02-B7F1-4402-9CF8-D853DA8A6DF3}.Release|Any CPU.ActiveCfg = Release|Any CPU
		{AF030D02-B7F1-4402-9CF8-D853DA8A6DF3}.Release|Any CPU.Build.0 = Release|Any CPU
		{AF030D02-B7F1-4402-9CF8-D853DA8A6DF3}.Release|x64.ActiveCfg = Release|Any CPU
		{AF030D02-B7F1-4402-9CF8-D853DA8A6DF3}.Release|x64.Build.0 = Release|Any CPU
		{AF030D02-B7F1-4402-9CF8-D853DA8A6DF3}.Release|x86.ActiveCfg = Release|Any CPU
		{AF030D02-B7F1-4402-9CF8-D853DA8A6DF3}.Release|x86.Build.0 = Release|Any CPU
		{8A7B1781-0FE3-474A-B1E0-2ED4D3C48516}.Debug|Any CPU.ActiveCfg = Debug|Any CPU
		{8A7B1781-0FE3-474A-B1E0-2ED4D3C48516}.Debug|Any CPU.Build.0 = Debug|Any CPU
		{8A7B1781-0FE3-474A-B1E0-2ED4D3C48516}.Debug|x64.ActiveCfg = Debug|Any CPU
		{8A7B1781-0FE3-474A-B1E0-2ED4D3C48516}.Debug|x64.Build.0 = Debug|Any CPU
		{8A7B1781-0FE3-474A-B1E0-2ED4D3C48516}.Debug|x86.ActiveCfg = Debug|Any CPU
		{8A7B1781-0FE3-474A-B1E0-2ED4D3C48516}.Debug|x86.Build.0 = Debug|Any CPU
		{8A7B1781-0FE3-474A-B1E0-2ED4D3C48516}.Release|Any CPU.ActiveCfg = Release|Any CPU
		{8A7B1781-0FE3-474A-B1E0-2ED4D3C48516}.Release|Any CPU.Build.0 = Release|Any CPU
		{8A7B1781-0FE3-474A-B1E0-2ED4D3C48516}.Release|x64.ActiveCfg = Release|Any CPU
		{8A7B1781-0FE3-474A-B1E0-2ED4D3C48516}.Release|x64.Build.0 = Release|Any CPU
		{8A7B1781-0FE3-474A-B1E0-2ED4D3C48516}.Release|x86.ActiveCfg = Release|Any CPU
		{8A7B1781-0FE3-474A-B1E0-2ED4D3C48516}.Release|x86.Build.0 = Release|Any CPU
	EndGlobalSection
	GlobalSection(SolutionProperties) = preSolution
		HideSolutionNode = FALSE
	EndGlobalSection
	GlobalSection(NestedProjects) = preSolution
		{C8E42992-5E42-0C2B-DBFE-AA848D06431C} = {827E0CD3-B72D-47B6-A68D-7590B98EB39B}
		{E4A3A952-3848-4E72-A596-5CDCFDC70375} = {C8E42992-5E42-0C2B-DBFE-AA848D06431C}
		{6EFAD305-8F3A-4D73-8BA6-BD997D619388} = {C8E42992-5E42-0C2B-DBFE-AA848D06431C}
		{A6F9618F-2D03-4835-A7E6-EEA96B5474EA} = {C8E42992-5E42-0C2B-DBFE-AA848D06431C}
		{00091396-3231-44A6-B561-B8EDC00E7493} = {C8E42992-5E42-0C2B-DBFE-AA848D06431C}
		{049C1740-6BD3-422A-866D-C994D1390F06} = {C8E42992-5E42-0C2B-DBFE-AA848D06431C}
		{C6AAC36D-EE60-494C-B251-301BD68BB997} = {C8E42992-5E42-0C2B-DBFE-AA848D06431C}
		{AF030D02-B7F1-4402-9CF8-D853DA8A6DF3} = {C8E42992-5E42-0C2B-DBFE-AA848D06431C}
		{8A7B1781-0FE3-474A-B1E0-2ED4D3C48516} = {C8E42992-5E42-0C2B-DBFE-AA848D06431C}
	EndGlobalSection
EndGlobal
