
Microsoft Visual Studio Solution File, Format Version 12.00
# Visual Studio Version 17
VisualStudioVersion = 17.0.32014.148
MinimumVisualStudioVersion = 15.0.26124.0
Project("{2150E333-8FDC-42A3-9474-1A3956D46DE8}") = "src", "src", "{15A99D9B-572B-4D44-81BE-F6867FF8E1BE}"
EndProject
Project("{9A19103F-16F7-4668-BE54-9A1E7A4F7556}") = "Endpoint.Cli", "src\Endpoint.Cli\Endpoint.Cli.csproj", "{99A77197-991A-46A7-B28D-EBC560F12898}"
EndProject
Project("{2150E333-8FDC-42A3-9474-1A3956D46DE8}") = "Solution Items", "Solution Items", "{351B6164-0BCB-4F4F-B597-500F2F777706}"
	ProjectSection(SolutionItems) = preProject
		.gitignore = .gitignore
		README.md = README.md
	EndProjectSection
EndProject
Project("{2150E333-8FDC-42A3-9474-1A3956D46DE8}") = "test", "test", "{F4377315-7AD5-4B18-8F02-A253088CAF4D}"
EndProject
Project("{9A19103F-16F7-4668-BE54-9A1E7A4F7556}") = "Endpoint.Core", "src\Endpoint.Core\Endpoint.Core.csproj", "{977DC98B-3B96-4F36-A64C-82ED3AE363C3}"
EndProject
Project("{9A19103F-16F7-4668-BE54-9A1E7A4F7556}") = "Endpoint.UnitTests", "test\Endpoint.UnitTests\Endpoint.UnitTests.csproj", "{E4754370-506C-4512-9840-4E705DAAE737}"
EndProject
Project("{9A19103F-16F7-4668-BE54-9A1E7A4F7556}") = "Endpoint.Infrastructure", "src\Endpoint.Infrastructure\Endpoint.Infrastructure.csproj", "{24C02F23-1771-414C-B540-4F059007D949}"
EndProject
Project("{FAE04EC0-301F-11D3-BF4B-00C04F79EFBC}") = "Endpoint.Core.UnitTests", "test\Endpoint.Core.UnitTests\Endpoint.Core.UnitTests.csproj", "{2587DFD6-2CEF-483E-97D6-661AFCBD92F8}"
EndProject
Project("{FAE04EC0-301F-11D3-BF4B-00C04F79EFBC}") = "Endpoint.Generator", "src\Endpoint.Generator\Endpoint.Generator.csproj", "{9FC855A7-622E-4D2A-B837-0D06E0221F07}"
EndProject
Project("{FAE04EC0-301F-11D3-BF4B-00C04F79EFBC}") = "Endpoint.Generator.Cli", "src\Endpoint.Generator.Cli\Endpoint.Generator.Cli.csproj", "{9C2F0ACA-2642-42CB-BD94-F8AB06E16261}"
EndProject
Global
	GlobalSection(SolutionConfigurationPlatforms) = preSolution
		Debug|Any CPU = Debug|Any CPU
		Debug|x64 = Debug|x64
		Debug|x86 = Debug|x86
		Release|Any CPU = Release|Any CPU
		Release|x64 = Release|x64
		Release|x86 = Release|x86
	EndGlobalSection
	GlobalSection(ProjectConfigurationPlatforms) = postSolution
		{99A77197-991A-46A7-B28D-EBC560F12898}.Debug|Any CPU.ActiveCfg = Debug|Any CPU
		{99A77197-991A-46A7-B28D-EBC560F12898}.Debug|Any CPU.Build.0 = Debug|Any CPU
		{99A77197-991A-46A7-B28D-EBC560F12898}.Debug|x64.ActiveCfg = Debug|Any CPU
		{99A77197-991A-46A7-B28D-EBC560F12898}.Debug|x64.Build.0 = Debug|Any CPU
		{99A77197-991A-46A7-B28D-EBC560F12898}.Debug|x86.ActiveCfg = Debug|Any CPU
		{99A77197-991A-46A7-B28D-EBC560F12898}.Debug|x86.Build.0 = Debug|Any CPU
		{99A77197-991A-46A7-B28D-EBC560F12898}.Release|Any CPU.ActiveCfg = Release|Any CPU
		{99A77197-991A-46A7-B28D-EBC560F12898}.Release|Any CPU.Build.0 = Release|Any CPU
		{99A77197-991A-46A7-B28D-EBC560F12898}.Release|x64.ActiveCfg = Release|Any CPU
		{99A77197-991A-46A7-B28D-EBC560F12898}.Release|x64.Build.0 = Release|Any CPU
		{99A77197-991A-46A7-B28D-EBC560F12898}.Release|x86.ActiveCfg = Release|Any CPU
		{99A77197-991A-46A7-B28D-EBC560F12898}.Release|x86.Build.0 = Release|Any CPU
		{977DC98B-3B96-4F36-A64C-82ED3AE363C3}.Debug|Any CPU.ActiveCfg = Debug|Any CPU
		{977DC98B-3B96-4F36-A64C-82ED3AE363C3}.Debug|Any CPU.Build.0 = Debug|Any CPU
		{977DC98B-3B96-4F36-A64C-82ED3AE363C3}.Debug|x64.ActiveCfg = Debug|Any CPU
		{977DC98B-3B96-4F36-A64C-82ED3AE363C3}.Debug|x64.Build.0 = Debug|Any CPU
		{977DC98B-3B96-4F36-A64C-82ED3AE363C3}.Debug|x86.ActiveCfg = Debug|Any CPU
		{977DC98B-3B96-4F36-A64C-82ED3AE363C3}.Debug|x86.Build.0 = Debug|Any CPU
		{977DC98B-3B96-4F36-A64C-82ED3AE363C3}.Release|Any CPU.ActiveCfg = Release|Any CPU
		{977DC98B-3B96-4F36-A64C-82ED3AE363C3}.Release|Any CPU.Build.0 = Release|Any CPU
		{977DC98B-3B96-4F36-A64C-82ED3AE363C3}.Release|x64.ActiveCfg = Release|Any CPU
		{977DC98B-3B96-4F36-A64C-82ED3AE363C3}.Release|x64.Build.0 = Release|Any CPU
		{977DC98B-3B96-4F36-A64C-82ED3AE363C3}.Release|x86.ActiveCfg = Release|Any CPU
		{977DC98B-3B96-4F36-A64C-82ED3AE363C3}.Release|x86.Build.0 = Release|Any CPU
		{E4754370-506C-4512-9840-4E705DAAE737}.Debug|Any CPU.ActiveCfg = Debug|Any CPU
		{E4754370-506C-4512-9840-4E705DAAE737}.Debug|Any CPU.Build.0 = Debug|Any CPU
		{E4754370-506C-4512-9840-4E705DAAE737}.Debug|x64.ActiveCfg = Debug|Any CPU
		{E4754370-506C-4512-9840-4E705DAAE737}.Debug|x64.Build.0 = Debug|Any CPU
		{E4754370-506C-4512-9840-4E705DAAE737}.Debug|x86.ActiveCfg = Debug|Any CPU
		{E4754370-506C-4512-9840-4E705DAAE737}.Debug|x86.Build.0 = Debug|Any CPU
		{E4754370-506C-4512-9840-4E705DAAE737}.Release|Any CPU.ActiveCfg = Release|Any CPU
		{E4754370-506C-4512-9840-4E705DAAE737}.Release|Any CPU.Build.0 = Release|Any CPU
		{E4754370-506C-4512-9840-4E705DAAE737}.Release|x64.ActiveCfg = Release|Any CPU
		{E4754370-506C-4512-9840-4E705DAAE737}.Release|x64.Build.0 = Release|Any CPU
		{E4754370-506C-4512-9840-4E705DAAE737}.Release|x86.ActiveCfg = Release|Any CPU
		{E4754370-506C-4512-9840-4E705DAAE737}.Release|x86.Build.0 = Release|Any CPU
		{24C02F23-1771-414C-B540-4F059007D949}.Debug|Any CPU.ActiveCfg = Debug|Any CPU
		{24C02F23-1771-414C-B540-4F059007D949}.Debug|Any CPU.Build.0 = Debug|Any CPU
		{24C02F23-1771-414C-B540-4F059007D949}.Debug|x64.ActiveCfg = Debug|Any CPU
		{24C02F23-1771-414C-B540-4F059007D949}.Debug|x64.Build.0 = Debug|Any CPU
		{24C02F23-1771-414C-B540-4F059007D949}.Debug|x86.ActiveCfg = Debug|Any CPU
		{24C02F23-1771-414C-B540-4F059007D949}.Debug|x86.Build.0 = Debug|Any CPU
		{24C02F23-1771-414C-B540-4F059007D949}.Release|Any CPU.ActiveCfg = Release|Any CPU
		{24C02F23-1771-414C-B540-4F059007D949}.Release|Any CPU.Build.0 = Release|Any CPU
		{24C02F23-1771-414C-B540-4F059007D949}.Release|x64.ActiveCfg = Release|Any CPU
		{24C02F23-1771-414C-B540-4F059007D949}.Release|x64.Build.0 = Release|Any CPU
		{24C02F23-1771-414C-B540-4F059007D949}.Release|x86.ActiveCfg = Release|Any CPU
		{24C02F23-1771-414C-B540-4F059007D949}.Release|x86.Build.0 = Release|Any CPU
		{2587DFD6-2CEF-483E-97D6-661AFCBD92F8}.Debug|Any CPU.ActiveCfg = Debug|Any CPU
		{2587DFD6-2CEF-483E-97D6-661AFCBD92F8}.Debug|Any CPU.Build.0 = Debug|Any CPU
		{2587DFD6-2CEF-483E-97D6-661AFCBD92F8}.Debug|x64.ActiveCfg = Debug|Any CPU
		{2587DFD6-2CEF-483E-97D6-661AFCBD92F8}.Debug|x64.Build.0 = Debug|Any CPU
		{2587DFD6-2CEF-483E-97D6-661AFCBD92F8}.Debug|x86.ActiveCfg = Debug|Any CPU
		{2587DFD6-2CEF-483E-97D6-661AFCBD92F8}.Debug|x86.Build.0 = Debug|Any CPU
		{2587DFD6-2CEF-483E-97D6-661AFCBD92F8}.Release|Any CPU.ActiveCfg = Release|Any CPU
		{2587DFD6-2CEF-483E-97D6-661AFCBD92F8}.Release|Any CPU.Build.0 = Release|Any CPU
		{2587DFD6-2CEF-483E-97D6-661AFCBD92F8}.Release|x64.ActiveCfg = Release|Any CPU
		{2587DFD6-2CEF-483E-97D6-661AFCBD92F8}.Release|x64.Build.0 = Release|Any CPU
		{2587DFD6-2CEF-483E-97D6-661AFCBD92F8}.Release|x86.ActiveCfg = Release|Any CPU
		{2587DFD6-2CEF-483E-97D6-661AFCBD92F8}.Release|x86.Build.0 = Release|Any CPU
		{9FC855A7-622E-4D2A-B837-0D06E0221F07}.Debug|Any CPU.ActiveCfg = Debug|Any CPU
		{9FC855A7-622E-4D2A-B837-0D06E0221F07}.Debug|Any CPU.Build.0 = Debug|Any CPU
		{9FC855A7-622E-4D2A-B837-0D06E0221F07}.Debug|x64.ActiveCfg = Debug|Any CPU
		{9FC855A7-622E-4D2A-B837-0D06E0221F07}.Debug|x64.Build.0 = Debug|Any CPU
		{9FC855A7-622E-4D2A-B837-0D06E0221F07}.Debug|x86.ActiveCfg = Debug|Any CPU
		{9FC855A7-622E-4D2A-B837-0D06E0221F07}.Debug|x86.Build.0 = Debug|Any CPU
		{9FC855A7-622E-4D2A-B837-0D06E0221F07}.Release|Any CPU.ActiveCfg = Release|Any CPU
		{9FC855A7-622E-4D2A-B837-0D06E0221F07}.Release|Any CPU.Build.0 = Release|Any CPU
		{9FC855A7-622E-4D2A-B837-0D06E0221F07}.Release|x64.ActiveCfg = Release|Any CPU
		{9FC855A7-622E-4D2A-B837-0D06E0221F07}.Release|x64.Build.0 = Release|Any CPU
		{9FC855A7-622E-4D2A-B837-0D06E0221F07}.Release|x86.ActiveCfg = Release|Any CPU
		{9FC855A7-622E-4D2A-B837-0D06E0221F07}.Release|x86.Build.0 = Release|Any CPU
		{9C2F0ACA-2642-42CB-BD94-F8AB06E16261}.Debug|Any CPU.ActiveCfg = Debug|Any CPU
		{9C2F0ACA-2642-42CB-BD94-F8AB06E16261}.Debug|Any CPU.Build.0 = Debug|Any CPU
		{9C2F0ACA-2642-42CB-BD94-F8AB06E16261}.Debug|x64.ActiveCfg = Debug|Any CPU
		{9C2F0ACA-2642-42CB-BD94-F8AB06E16261}.Debug|x64.Build.0 = Debug|Any CPU
		{9C2F0ACA-2642-42CB-BD94-F8AB06E16261}.Debug|x86.ActiveCfg = Debug|Any CPU
		{9C2F0ACA-2642-42CB-BD94-F8AB06E16261}.Debug|x86.Build.0 = Debug|Any CPU
		{9C2F0ACA-2642-42CB-BD94-F8AB06E16261}.Release|Any CPU.ActiveCfg = Release|Any CPU
		{9C2F0ACA-2642-42CB-BD94-F8AB06E16261}.Release|Any CPU.Build.0 = Release|Any CPU
		{9C2F0ACA-2642-42CB-BD94-F8AB06E16261}.Release|x64.ActiveCfg = Release|Any CPU
		{9C2F0ACA-2642-42CB-BD94-F8AB06E16261}.Release|x64.Build.0 = Release|Any CPU
		{9C2F0ACA-2642-42CB-BD94-F8AB06E16261}.Release|x86.ActiveCfg = Release|Any CPU
		{9C2F0ACA-2642-42CB-BD94-F8AB06E16261}.Release|x86.Build.0 = Release|Any CPU
	EndGlobalSection
	GlobalSection(SolutionProperties) = preSolution
		HideSolutionNode = FALSE
	EndGlobalSection
	GlobalSection(NestedProjects) = preSolution
		{99A77197-991A-46A7-B28D-EBC560F12898} = {15A99D9B-572B-4D44-81BE-F6867FF8E1BE}
		{977DC98B-3B96-4F36-A64C-82ED3AE363C3} = {15A99D9B-572B-4D44-81BE-F6867FF8E1BE}
		{E4754370-506C-4512-9840-4E705DAAE737} = {F4377315-7AD5-4B18-8F02-A253088CAF4D}
		{24C02F23-1771-414C-B540-4F059007D949} = {15A99D9B-572B-4D44-81BE-F6867FF8E1BE}
		{2587DFD6-2CEF-483E-97D6-661AFCBD92F8} = {F4377315-7AD5-4B18-8F02-A253088CAF4D}
		{9FC855A7-622E-4D2A-B837-0D06E0221F07} = {15A99D9B-572B-4D44-81BE-F6867FF8E1BE}
		{9C2F0ACA-2642-42CB-BD94-F8AB06E16261} = {15A99D9B-572B-4D44-81BE-F6867FF8E1BE}
	EndGlobalSection
	GlobalSection(ExtensibilityGlobals) = postSolution
		SolutionGuid = {AC7102AF-7E9C-4980-9861-48A3B74465E0}
	EndGlobalSection
EndGlobal
