
Microsoft Visual Studio Solution File, Format Version 12.00
# Visual Studio Version 17
VisualStudioVersion = 17.0.31903.59
MinimumVisualStudioVersion = 10.0.40219.1
Project("{2150E333-8FDC-42A3-9474-1A3956D46DE8}") = "src", "src", "{E9F29401-2D73-4BE5-BF68-28699DA057B0}"
EndProject
Project("{9A19103F-16F7-4668-BE54-9A1E7A4F7556}") = "Endpoint.Core", "src\Endpoint.Core\Endpoint.Core.csproj", "{D988E86B-8CFF-44FF-A98F-576F1273C16B}"
EndProject
Project("{9A19103F-16F7-4668-BE54-9A1E7A4F7556}") = "Endpoint.Angular", "src\Endpoint.Angular\Endpoint.Angular.csproj", "{7611BB26-C67E-4386-93EF-B14C9FF94FAD}"
EndProject
Project("{9A19103F-16F7-4668-BE54-9A1E7A4F7556}") = "Endpoint.Angular.Cli", "src\Endpoint.Angular.Cli\Endpoint.Angular.Cli.csproj", "{AA0BE175-FD25-483A-A693-CDA2C811A059}"
EndProject
Global
	GlobalSection(SolutionConfigurationPlatforms) = preSolution
		Debug|Any CPU = Debug|Any CPU
		Release|Any CPU = Release|Any CPU
	EndGlobalSection
	GlobalSection(ProjectConfigurationPlatforms) = postSolution
		{D988E86B-8CFF-44FF-A98F-576F1273C16B}.Debug|Any CPU.ActiveCfg = Debug|Any CPU
		{D988E86B-8CFF-44FF-A98F-576F1273C16B}.Debug|Any CPU.Build.0 = Debug|Any CPU
		{D988E86B-8CFF-44FF-A98F-576F1273C16B}.Release|Any CPU.ActiveCfg = Release|Any CPU
		{D988E86B-8CFF-44FF-A98F-576F1273C16B}.Release|Any CPU.Build.0 = Release|Any CPU
		{7611BB26-C67E-4386-93EF-B14C9FF94FAD}.Debug|Any CPU.ActiveCfg = Debug|Any CPU
		{7611BB26-C67E-4386-93EF-B14C9FF94FAD}.Debug|Any CPU.Build.0 = Debug|Any CPU
		{7611BB26-C67E-4386-93EF-B14C9FF94FAD}.Release|Any CPU.ActiveCfg = Release|Any CPU
		{7611BB26-C67E-4386-93EF-B14C9FF94FAD}.Release|Any CPU.Build.0 = Release|Any CPU
		{AA0BE175-FD25-483A-A693-CDA2C811A059}.Debug|Any CPU.ActiveCfg = Debug|Any CPU
		{AA0BE175-FD25-483A-A693-CDA2C811A059}.Debug|Any CPU.Build.0 = Debug|Any CPU
		{AA0BE175-FD25-483A-A693-CDA2C811A059}.Release|Any CPU.ActiveCfg = Release|Any CPU
		{AA0BE175-FD25-483A-A693-CDA2C811A059}.Release|Any CPU.Build.0 = Release|Any CPU
	EndGlobalSection
	GlobalSection(SolutionProperties) = preSolution
		HideSolutionNode = FALSE
	EndGlobalSection
	GlobalSection(NestedProjects) = preSolution
		{D988E86B-8CFF-44FF-A98F-576F1273C16B} = {E9F29401-2D73-4BE5-BF68-28699DA057B0}
		{7611BB26-C67E-4386-93EF-B14C9FF94FAD} = {E9F29401-2D73-4BE5-BF68-28699DA057B0}
		{AA0BE175-FD25-483A-A693-CDA2C811A059} = {E9F29401-2D73-4BE5-BF68-28699DA057B0}
	EndGlobalSection
EndGlobal
