
Microsoft Visual Studio Solution File, Format Version 12.00
# Visual Studio Version 18
VisualStudioVersion = 18.0.11205.157 d18.0
MinimumVisualStudioVersion = 15.0.26124.0
Project("{2150E333-8FDC-42A3-9474-1A3956D46DE8}") = "src", "src", "{15A99D9B-572B-4D44-81BE-F6867FF8E1BE}"
EndProject
Project("{9A19103F-16F7-4668-BE54-9A1E7A4F7556}") = "Endpoint.Cli", "src\Endpoint.Cli\Endpoint.Cli.csproj", "{99A77197-991A-46A7-B28D-EBC560F12898}"
EndProject
Project("{2150E333-8FDC-42A3-9474-1A3956D46DE8}") = "Solution Items", "Solution Items", "{351B6164-0BCB-4F4F-B597-500F2F777706}"
	ProjectSection(SolutionItems) = preProject
		.gitignore = .gitignore
		README.md = README.md
	EndProjectSection
EndProject
Project("{2150E333-8FDC-42A3-9474-1A3956D46DE8}") = "test", "test", "{F4377315-7AD5-4B18-8F02-A253088CAF4D}"
EndProject
Project("{9A19103F-16F7-4668-BE54-9A1E7A4F7556}") = "Endpoint.UnitTests", "test\Endpoint.UnitTests\Endpoint.UnitTests.csproj", "{E4754370-506C-4512-9840-4E705DAAE737}"
EndProject
Project("{2150E333-8FDC-42A3-9474-1A3956D46DE8}") = "Domains", "Domains", "{D1E117F5-E794-4D28-B5C6-3885EF0ABF38}"
EndProject
Project("{2150E333-8FDC-42A3-9474-1A3956D46DE8}") = "DomainDrivenDesign", "DomainDrivenDesign", "{B7D58D5A-5E09-457D-B2A9-6D5CC35D6ACD}"
EndProject
Project("{9A19103F-16F7-4668-BE54-9A1E7A4F7556}") = "Endpoint.DomainDrivenDesign.Core", "src\Domains\DomainDrivenDesign\Endpoint.DomainDrivenDesign.Core\Endpoint.DomainDrivenDesign.Core.csproj", "{1866C57E-09EC-41DF-BBC5-4537ABB06F6E}"
EndProject
Project("{9A19103F-16F7-4668-BE54-9A1E7A4F7556}") = "Endpoint.DotNet", "src\Endpoint.DotNet\Endpoint.DotNet.csproj", "{B750D925-1AE1-4D63-BAE5-BAA944225EA6}"
EndProject
Project("{9A19103F-16F7-4668-BE54-9A1E7A4F7556}") = "Endpoint.Angular", "src\Endpoint.Angular\Endpoint.Angular.csproj", "{C04761C5-87B5-4067-A5B4-C3C9AE04B0FE}"
EndProject
Project("{9A19103F-16F7-4668-BE54-9A1E7A4F7556}") = "Endpoint.DotNet.UnitTests", "test\Endpoint.DotNet.UnitTests\Endpoint.DotNet.UnitTests.csproj", "{B307CFCF-E7AD-4DD5-A132-1A44EB5E6C96}"
EndProject
Project("{9A19103F-16F7-4668-BE54-9A1E7A4F7556}") = "Endpoint.Core", "src\Endpoint.Core\Endpoint.Core.csproj", "{5C39FDAD-0D40-47E1-A888-B921A28EB05D}"
EndProject
Project("{2150E333-8FDC-42A3-9474-1A3956D46DE8}") = "PhysicalTopologies", "PhysicalTopologies", "{35EA85CA-F5E8-4882-9496-9E78A6E97CE2}"
EndProject
Project("{2150E333-8FDC-42A3-9474-1A3956D46DE8}") = "ModernWebAppPattern", "ModernWebAppPattern", "{E461FA93-8C80-446D-9734-8957DA6321C8}"
EndProject
Project("{9A19103F-16F7-4668-BE54-9A1E7A4F7556}") = "Endpoint.ModernWebAppPattern.Core", "src\PhysicalTopologies\ModernWebAppPattern\Endpoint.ModernWebAppPattern.Core\Endpoint.ModernWebAppPattern.Core.csproj", "{24D3334D-8D8A-48F1-A4B2-A2ED695AA262}"
EndProject
Project("{2150E333-8FDC-42A3-9474-1A3956D46DE8}") = "MinimalApi", "MinimalApi", "{8C0195B0-BBC9-4D79-9D2D-4D006F3756BC}"
EndProject
Project("{9A19103F-16F7-4668-BE54-9A1E7A4F7556}") = "Endpoint.MinimalApi.Core", "src\PhysicalTopologies\MinimalApi\Endpoint.MinimalApi.Core\Endpoint.MinimalApi.Core.csproj", "{887CA161-0AA2-4093-BB4C-4B1DFC7B8D56}"
EndProject
Project("{2150E333-8FDC-42A3-9474-1A3956D46DE8}") = "Testing", "Testing", "{DF4A5164-983E-4240-BFC0-B5F0BBEA8014}"
EndProject
Project("{9A19103F-16F7-4668-BE54-9A1E7A4F7556}") = "Endpoint.Testing.Core", "src\Testing\Endpoint.Testing.Core\Endpoint.Testing.Core.csproj", "{28561C78-5B50-4C69-9954-F6672AB49DCA}"
EndProject
Project("{9A19103F-16F7-4668-BE54-9A1E7A4F7556}") = "Endpoint.ModernWebAppPlatform.Core.Tests", "test\Endpoint.ModernWebAppPlatform.Core.Tests\Endpoint.ModernWebAppPlatform.Core.Tests.csproj", "{1414A8E6-4906-410D-9242-E23305BEFF4F}"
EndProject
Global
	GlobalSection(SolutionConfigurationPlatforms) = preSolution
		Debug|Any CPU = Debug|Any CPU
		Debug|x64 = Debug|x64
		Debug|x86 = Debug|x86
		Release|Any CPU = Release|Any CPU
		Release|x64 = Release|x64
		Release|x86 = Release|x86
	EndGlobalSection
	GlobalSection(ProjectConfigurationPlatforms) = postSolution
		{99A77197-991A-46A7-B28D-EBC560F12898}.Debug|Any CPU.ActiveCfg = Debug|Any CPU
		{99A77197-991A-46A7-B28D-EBC560F12898}.Debug|Any CPU.Build.0 = Debug|Any CPU
		{99A77197-991A-46A7-B28D-EBC560F12898}.Debug|x64.ActiveCfg = Debug|Any CPU
		{99A77197-991A-46A7-B28D-EBC560F12898}.Debug|x64.Build.0 = Debug|Any CPU
		{99A77197-991A-46A7-B28D-EBC560F12898}.Debug|x86.ActiveCfg = Debug|Any CPU
		{99A77197-991A-46A7-B28D-EBC560F12898}.Debug|x86.Build.0 = Debug|Any CPU
		{99A77197-991A-46A7-B28D-EBC560F12898}.Release|Any CPU.ActiveCfg = Release|Any CPU
		{99A77197-991A-46A7-B28D-EBC560F12898}.Release|Any CPU.Build.0 = Release|Any CPU
		{99A77197-991A-46A7-B28D-EBC560F12898}.Release|x64.ActiveCfg = Release|Any CPU
		{99A77197-991A-46A7-B28D-EBC560F12898}.Release|x64.Build.0 = Release|Any CPU
		{99A77197-991A-46A7-B28D-EBC560F12898}.Release|x86.ActiveCfg = Release|Any CPU
		{99A77197-991A-46A7-B28D-EBC560F12898}.Release|x86.Build.0 = Release|Any CPU
		{E4754370-506C-4512-9840-4E705DAAE737}.Debug|Any CPU.ActiveCfg = Debug|Any CPU
		{E4754370-506C-4512-9840-4E705DAAE737}.Debug|Any CPU.Build.0 = Debug|Any CPU
		{E4754370-506C-4512-9840-4E705DAAE737}.Debug|x64.ActiveCfg = Debug|Any CPU
		{E4754370-506C-4512-9840-4E705DAAE737}.Debug|x64.Build.0 = Debug|Any CPU
		{E4754370-506C-4512-9840-4E705DAAE737}.Debug|x86.ActiveCfg = Debug|Any CPU
		{E4754370-506C-4512-9840-4E705DAAE737}.Debug|x86.Build.0 = Debug|Any CPU
		{E4754370-506C-4512-9840-4E705DAAE737}.Release|Any CPU.ActiveCfg = Release|Any CPU
		{E4754370-506C-4512-9840-4E705DAAE737}.Release|Any CPU.Build.0 = Release|Any CPU
		{E4754370-506C-4512-9840-4E705DAAE737}.Release|x64.ActiveCfg = Release|Any CPU
		{E4754370-506C-4512-9840-4E705DAAE737}.Release|x64.Build.0 = Release|Any CPU
		{E4754370-506C-4512-9840-4E705DAAE737}.Release|x86.ActiveCfg = Release|Any CPU
		{E4754370-506C-4512-9840-4E705DAAE737}.Release|x86.Build.0 = Release|Any CPU
		{1866C57E-09EC-41DF-BBC5-4537ABB06F6E}.Debug|Any CPU.ActiveCfg = Debug|Any CPU
		{1866C57E-09EC-41DF-BBC5-4537ABB06F6E}.Debug|Any CPU.Build.0 = Debug|Any CPU
		{1866C57E-09EC-41DF-BBC5-4537ABB06F6E}.Debug|x64.ActiveCfg = Debug|Any CPU
		{1866C57E-09EC-41DF-BBC5-4537ABB06F6E}.Debug|x64.Build.0 = Debug|Any CPU
		{1866C57E-09EC-41DF-BBC5-4537ABB06F6E}.Debug|x86.ActiveCfg = Debug|Any CPU
		{1866C57E-09EC-41DF-BBC5-4537ABB06F6E}.Debug|x86.Build.0 = Debug|Any CPU
		{1866C57E-09EC-41DF-BBC5-4537ABB06F6E}.Release|Any CPU.ActiveCfg = Release|Any CPU
		{1866C57E-09EC-41DF-BBC5-4537ABB06F6E}.Release|Any CPU.Build.0 = Release|Any CPU
		{1866C57E-09EC-41DF-BBC5-4537ABB06F6E}.Release|x64.ActiveCfg = Release|Any CPU
		{1866C57E-09EC-41DF-BBC5-4537ABB06F6E}.Release|x64.Build.0 = Release|Any CPU
		{1866C57E-09EC-41DF-BBC5-4537ABB06F6E}.Release|x86.ActiveCfg = Release|Any CPU
		{1866C57E-09EC-41DF-BBC5-4537ABB06F6E}.Release|x86.Build.0 = Release|Any CPU
		{B750D925-1AE1-4D63-BAE5-BAA944225EA6}.Debug|Any CPU.ActiveCfg = Debug|Any CPU
		{B750D925-1AE1-4D63-BAE5-BAA944225EA6}.Debug|Any CPU.Build.0 = Debug|Any CPU
		{B750D925-1AE1-4D63-BAE5-BAA944225EA6}.Debug|x64.ActiveCfg = Debug|Any CPU
		{B750D925-1AE1-4D63-BAE5-BAA944225EA6}.Debug|x64.Build.0 = Debug|Any CPU
		{B750D925-1AE1-4D63-BAE5-BAA944225EA6}.Debug|x86.ActiveCfg = Debug|Any CPU
		{B750D925-1AE1-4D63-BAE5-BAA944225EA6}.Debug|x86.Build.0 = Debug|Any CPU
		{B750D925-1AE1-4D63-BAE5-BAA944225EA6}.Release|Any CPU.ActiveCfg = Release|Any CPU
		{B750D925-1AE1-4D63-BAE5-BAA944225EA6}.Release|Any CPU.Build.0 = Release|Any CPU
		{B750D925-1AE1-4D63-BAE5-BAA944225EA6}.Release|x64.ActiveCfg = Release|Any CPU
		{B750D925-1AE1-4D63-BAE5-BAA944225EA6}.Release|x64.Build.0 = Release|Any CPU
		{B750D925-1AE1-4D63-BAE5-BAA944225EA6}.Release|x86.ActiveCfg = Release|Any CPU
		{B750D925-1AE1-4D63-BAE5-BAA944225EA6}.Release|x86.Build.0 = Release|Any CPU
		{C04761C5-87B5-4067-A5B4-C3C9AE04B0FE}.Debug|Any CPU.ActiveCfg = Debug|Any CPU
		{C04761C5-87B5-4067-A5B4-C3C9AE04B0FE}.Debug|Any CPU.Build.0 = Debug|Any CPU
		{C04761C5-87B5-4067-A5B4-C3C9AE04B0FE}.Debug|x64.ActiveCfg = Debug|Any CPU
		{C04761C5-87B5-4067-A5B4-C3C9AE04B0FE}.Debug|x64.Build.0 = Debug|Any CPU
		{C04761C5-87B5-4067-A5B4-C3C9AE04B0FE}.Debug|x86.ActiveCfg = Debug|Any CPU
		{C04761C5-87B5-4067-A5B4-C3C9AE04B0FE}.Debug|x86.Build.0 = Debug|Any CPU
		{C04761C5-87B5-4067-A5B4-C3C9AE04B0FE}.Release|Any CPU.ActiveCfg = Release|Any CPU
		{C04761C5-87B5-4067-A5B4-C3C9AE04B0FE}.Release|Any CPU.Build.0 = Release|Any CPU
		{C04761C5-87B5-4067-A5B4-C3C9AE04B0FE}.Release|x64.ActiveCfg = Release|Any CPU
		{C04761C5-87B5-4067-A5B4-C3C9AE04B0FE}.Release|x64.Build.0 = Release|Any CPU
		{C04761C5-87B5-4067-A5B4-C3C9AE04B0FE}.Release|x86.ActiveCfg = Release|Any CPU
		{C04761C5-87B5-4067-A5B4-C3C9AE04B0FE}.Release|x86.Build.0 = Release|Any CPU
		{B307CFCF-E7AD-4DD5-A132-1A44EB5E6C96}.Debug|Any CPU.ActiveCfg = Debug|Any CPU
		{B307CFCF-E7AD-4DD5-A132-1A44EB5E6C96}.Debug|Any CPU.Build.0 = Debug|Any CPU
		{B307CFCF-E7AD-4DD5-A132-1A44EB5E6C96}.Debug|x64.ActiveCfg = Debug|Any CPU
		{B307CFCF-E7AD-4DD5-A132-1A44EB5E6C96}.Debug|x64.Build.0 = Debug|Any CPU
		{B307CFCF-E7AD-4DD5-A132-1A44EB5E6C96}.Debug|x86.ActiveCfg = Debug|Any CPU
		{B307CFCF-E7AD-4DD5-A132-1A44EB5E6C96}.Debug|x86.Build.0 = Debug|Any CPU
		{B307CFCF-E7AD-4DD5-A132-1A44EB5E6C96}.Release|Any CPU.ActiveCfg = Release|Any CPU
		{B307CFCF-E7AD-4DD5-A132-1A44EB5E6C96}.Release|Any CPU.Build.0 = Release|Any CPU
		{B307CFCF-E7AD-4DD5-A132-1A44EB5E6C96}.Release|x64.ActiveCfg = Release|Any CPU
		{B307CFCF-E7AD-4DD5-A132-1A44EB5E6C96}.Release|x64.Build.0 = Release|Any CPU
		{B307CFCF-E7AD-4DD5-A132-1A44EB5E6C96}.Release|x86.ActiveCfg = Release|Any CPU
		{B307CFCF-E7AD-4DD5-A132-1A44EB5E6C96}.Release|x86.Build.0 = Release|Any CPU
		{5C39FDAD-0D40-47E1-A888-B921A28EB05D}.Debug|Any CPU.ActiveCfg = Debug|Any CPU
		{5C39FDAD-0D40-47E1-A888-B921A28EB05D}.Debug|Any CPU.Build.0 = Debug|Any CPU
		{5C39FDAD-0D40-47E1-A888-B921A28EB05D}.Debug|x64.ActiveCfg = Debug|Any CPU
		{5C39FDAD-0D40-47E1-A888-B921A28EB05D}.Debug|x64.Build.0 = Debug|Any CPU
		{5C39FDAD-0D40-47E1-A888-B921A28EB05D}.Debug|x86.ActiveCfg = Debug|Any CPU
		{5C39FDAD-0D40-47E1-A888-B921A28EB05D}.Debug|x86.Build.0 = Debug|Any CPU
		{5C39FDAD-0D40-47E1-A888-B921A28EB05D}.Release|Any CPU.ActiveCfg = Release|Any CPU
		{5C39FDAD-0D40-47E1-A888-B921A28EB05D}.Release|Any CPU.Build.0 = Release|Any CPU
		{5C39FDAD-0D40-47E1-A888-B921A28EB05D}.Release|x64.ActiveCfg = Release|Any CPU
		{5C39FDAD-0D40-47E1-A888-B921A28EB05D}.Release|x64.Build.0 = Release|Any CPU
		{5C39FDAD-0D40-47E1-A888-B921A28EB05D}.Release|x86.ActiveCfg = Release|Any CPU
		{5C39FDAD-0D40-47E1-A888-B921A28EB05D}.Release|x86.Build.0 = Release|Any CPU
		{24D3334D-8D8A-48F1-A4B2-A2ED695AA262}.Debug|Any CPU.ActiveCfg = Debug|Any CPU
		{24D3334D-8D8A-48F1-A4B2-A2ED695AA262}.Debug|Any CPU.Build.0 = Debug|Any CPU
		{24D3334D-8D8A-48F1-A4B2-A2ED695AA262}.Debug|x64.ActiveCfg = Debug|Any CPU
		{24D3334D-8D8A-48F1-A4B2-A2ED695AA262}.Debug|x64.Build.0 = Debug|Any CPU
		{24D3334D-8D8A-48F1-A4B2-A2ED695AA262}.Debug|x86.ActiveCfg = Debug|Any CPU
		{24D3334D-8D8A-48F1-A4B2-A2ED695AA262}.Debug|x86.Build.0 = Debug|Any CPU
		{24D3334D-8D8A-48F1-A4B2-A2ED695AA262}.Release|Any CPU.ActiveCfg = Release|Any CPU
		{24D3334D-8D8A-48F1-A4B2-A2ED695AA262}.Release|Any CPU.Build.0 = Release|Any CPU
		{24D3334D-8D8A-48F1-A4B2-A2ED695AA262}.Release|x64.ActiveCfg = Release|Any CPU
		{24D3334D-8D8A-48F1-A4B2-A2ED695AA262}.Release|x64.Build.0 = Release|Any CPU
		{24D3334D-8D8A-48F1-A4B2-A2ED695AA262}.Release|x86.ActiveCfg = Release|Any CPU
		{24D3334D-8D8A-48F1-A4B2-A2ED695AA262}.Release|x86.Build.0 = Release|Any CPU
		{887CA161-0AA2-4093-BB4C-4B1DFC7B8D56}.Debug|Any CPU.ActiveCfg = Debug|Any CPU
		{887CA161-0AA2-4093-BB4C-4B1DFC7B8D56}.Debug|Any CPU.Build.0 = Debug|Any CPU
		{887CA161-0AA2-4093-BB4C-4B1DFC7B8D56}.Debug|x64.ActiveCfg = Debug|Any CPU
		{887CA161-0AA2-4093-BB4C-4B1DFC7B8D56}.Debug|x64.Build.0 = Debug|Any CPU
		{887CA161-0AA2-4093-BB4C-4B1DFC7B8D56}.Debug|x86.ActiveCfg = Debug|Any CPU
		{887CA161-0AA2-4093-BB4C-4B1DFC7B8D56}.Debug|x86.Build.0 = Debug|Any CPU
		{887CA161-0AA2-4093-BB4C-4B1DFC7B8D56}.Release|Any CPU.ActiveCfg = Release|Any CPU
		{887CA161-0AA2-4093-BB4C-4B1DFC7B8D56}.Release|Any CPU.Build.0 = Release|Any CPU
		{887CA161-0AA2-4093-BB4C-4B1DFC7B8D56}.Release|x64.ActiveCfg = Release|Any CPU
		{887CA161-0AA2-4093-BB4C-4B1DFC7B8D56}.Release|x64.Build.0 = Release|Any CPU
		{887CA161-0AA2-4093-BB4C-4B1DFC7B8D56}.Release|x86.ActiveCfg = Release|Any CPU
		{887CA161-0AA2-4093-BB4C-4B1DFC7B8D56}.Release|x86.Build.0 = Release|Any CPU
		{28561C78-5B50-4C69-9954-F6672AB49DCA}.Debug|Any CPU.ActiveCfg = Debug|Any CPU
		{28561C78-5B50-4C69-9954-F6672AB49DCA}.Debug|Any CPU.Build.0 = Debug|Any CPU
		{28561C78-5B50-4C69-9954-F6672AB49DCA}.Debug|x64.ActiveCfg = Debug|Any CPU
		{28561C78-5B50-4C69-9954-F6672AB49DCA}.Debug|x64.Build.0 = Debug|Any CPU
		{28561C78-5B50-4C69-9954-F6672AB49DCA}.Debug|x86.ActiveCfg = Debug|Any CPU
		{28561C78-5B50-4C69-9954-F6672AB49DCA}.Debug|x86.Build.0 = Debug|Any CPU
		{28561C78-5B50-4C69-9954-F6672AB49DCA}.Release|Any CPU.ActiveCfg = Release|Any CPU
		{28561C78-5B50-4C69-9954-F6672AB49DCA}.Release|Any CPU.Build.0 = Release|Any CPU
		{28561C78-5B50-4C69-9954-F6672AB49DCA}.Release|x64.ActiveCfg = Release|Any CPU
		{28561C78-5B50-4C69-9954-F6672AB49DCA}.Release|x64.Build.0 = Release|Any CPU
		{28561C78-5B50-4C69-9954-F6672AB49DCA}.Release|x86.ActiveCfg = Release|Any CPU
		{28561C78-5B50-4C69-9954-F6672AB49DCA}.Release|x86.Build.0 = Release|Any CPU
		{1414A8E6-4906-410D-9242-E23305BEFF4F}.Debug|Any CPU.ActiveCfg = Debug|Any CPU
		{1414A8E6-4906-410D-9242-E23305BEFF4F}.Debug|Any CPU.Build.0 = Debug|Any CPU
		{1414A8E6-4906-410D-9242-E23305BEFF4F}.Debug|x64.ActiveCfg = Debug|Any CPU
		{1414A8E6-4906-410D-9242-E23305BEFF4F}.Debug|x64.Build.0 = Debug|Any CPU
		{1414A8E6-4906-410D-9242-E23305BEFF4F}.Debug|x86.ActiveCfg = Debug|Any CPU
		{1414A8E6-4906-410D-9242-E23305BEFF4F}.Debug|x86.Build.0 = Debug|Any CPU
		{1414A8E6-4906-410D-9242-E23305BEFF4F}.Release|Any CPU.ActiveCfg = Release|Any CPU
		{1414A8E6-4906-410D-9242-E23305BEFF4F}.Release|Any CPU.Build.0 = Release|Any CPU
		{1414A8E6-4906-410D-9242-E23305BEFF4F}.Release|x64.ActiveCfg = Release|Any CPU
		{1414A8E6-4906-410D-9242-E23305BEFF4F}.Release|x64.Build.0 = Release|Any CPU
		{1414A8E6-4906-410D-9242-E23305BEFF4F}.Release|x86.ActiveCfg = Release|Any CPU
		{1414A8E6-4906-410D-9242-E23305BEFF4F}.Release|x86.Build.0 = Release|Any CPU
	EndGlobalSection
	GlobalSection(SolutionProperties) = preSolution
		HideSolutionNode = FALSE
	EndGlobalSection
	GlobalSection(NestedProjects) = preSolution
		{99A77197-991A-46A7-B28D-EBC560F12898} = {15A99D9B-572B-4D44-81BE-F6867FF8E1BE}
		{E4754370-506C-4512-9840-4E705DAAE737} = {F4377315-7AD5-4B18-8F02-A253088CAF4D}
		{D1E117F5-E794-4D28-B5C6-3885EF0ABF38} = {15A99D9B-572B-4D44-81BE-F6867FF8E1BE}
		{B7D58D5A-5E09-457D-B2A9-6D5CC35D6ACD} = {D1E117F5-E794-4D28-B5C6-3885EF0ABF38}
		{1866C57E-09EC-41DF-BBC5-4537ABB06F6E} = {B7D58D5A-5E09-457D-B2A9-6D5CC35D6ACD}
		{B750D925-1AE1-4D63-BAE5-BAA944225EA6} = {15A99D9B-572B-4D44-81BE-F6867FF8E1BE}
		{C04761C5-87B5-4067-A5B4-C3C9AE04B0FE} = {15A99D9B-572B-4D44-81BE-F6867FF8E1BE}
		{B307CFCF-E7AD-4DD5-A132-1A44EB5E6C96} = {F4377315-7AD5-4B18-8F02-A253088CAF4D}
		{5C39FDAD-0D40-47E1-A888-B921A28EB05D} = {15A99D9B-572B-4D44-81BE-F6867FF8E1BE}
		{35EA85CA-F5E8-4882-9496-9E78A6E97CE2} = {15A99D9B-572B-4D44-81BE-F6867FF8E1BE}
		{E461FA93-8C80-446D-9734-8957DA6321C8} = {35EA85CA-F5E8-4882-9496-9E78A6E97CE2}
		{24D3334D-8D8A-48F1-A4B2-A2ED695AA262} = {E461FA93-8C80-446D-9734-8957DA6321C8}
		{8C0195B0-BBC9-4D79-9D2D-4D006F3756BC} = {35EA85CA-F5E8-4882-9496-9E78A6E97CE2}
		{887CA161-0AA2-4093-BB4C-4B1DFC7B8D56} = {8C0195B0-BBC9-4D79-9D2D-4D006F3756BC}
		{DF4A5164-983E-4240-BFC0-B5F0BBEA8014} = {15A99D9B-572B-4D44-81BE-F6867FF8E1BE}
		{28561C78-5B50-4C69-9954-F6672AB49DCA} = {DF4A5164-983E-4240-BFC0-B5F0BBEA8014}
		{1414A8E6-4906-410D-9242-E23305BEFF4F} = {F4377315-7AD5-4B18-8F02-A253088CAF4D}
	EndGlobalSection
	GlobalSection(ExtensibilityGlobals) = postSolution
		SolutionGuid = {AC7102AF-7E9C-4980-9861-48A3B74465E0}
	EndGlobalSection
EndGlobal
