
Microsoft Visual Studio Solution File, Format Version 12.00
# Visual Studio Version 17
VisualStudioVersion = 17.0.32014.148
MinimumVisualStudioVersion = 15.0.26124.0
Project("{2150E333-8FDC-42A3-9474-1A3956D46DE8}") = "src", "src", "{15A99D9B-572B-4D44-81BE-F6867FF8E1BE}"
EndProject
Project("{9A19103F-16F7-4668-BE54-9A1E7A4F7556}") = "Endpoint.Cli", "src\Endpoint.Cli\Endpoint.Cli.csproj", "{99A77197-991A-46A7-B28D-EBC560F12898}"
EndProject
Project("{2150E333-8FDC-42A3-9474-1A3956D46DE8}") = "Solution Items", "Solution Items", "{351B6164-0BCB-4F4F-B597-500F2F777706}"
	ProjectSection(SolutionItems) = preProject
		cliSettings.json = cliSettings.json
	EndProjectSection
EndProject
Project("{2150E333-8FDC-42A3-9474-1A3956D46DE8}") = "test", "test", "{F4377315-7AD5-4B18-8F02-A253088CAF4D}"
EndProject
Project("{9A19103F-16F7-4668-BE54-9A1E7A4F7556}") = "Endpoint.UnitTests", "test\Endpoint.UnitTests\Endpoint.UnitTests.csproj", "{6E90BA37-20A7-4ABC-97E5-1B5551C9D45E}"
EndProject
Project("{9A19103F-16F7-4668-BE54-9A1E7A4F7556}") = "Endpoint.Testing", "test\Endpoint.Testing\Endpoint.Testing.csproj", "{4849C67C-EC1A-4E64-83C0-FE18D5B04126}"
EndProject
Project("{9A19103F-16F7-4668-BE54-9A1E7A4F7556}") = "Endpoint.SharedKernal", "src\Endpoint.SharedKernal\Endpoint.SharedKernal.csproj", "{18CCEDEA-C81B-4BE1-8291-3BE0D0100DFC}"
EndProject
Project("{9A19103F-16F7-4668-BE54-9A1E7A4F7556}") = "Endpoint.Application.Core", "src\Endpoint.Application.Core\Endpoint.Application.Core.csproj", "{57B5E12C-B043-4CDC-BC67-8F949FA7334B}"
EndProject
Project("{9A19103F-16F7-4668-BE54-9A1E7A4F7556}") = "Endpoint.Application", "src\Endpoint.Application\Endpoint.Application.csproj", "{94896328-DCA7-471D-AC41-2E65A924A665}"
EndProject
Project("{2150E333-8FDC-42A3-9474-1A3956D46DE8}") = "Plugins", "Plugins", "{C66D4839-605D-4EB5-8E2E-30DEB0DC4100}"
EndProject
Project("{9A19103F-16F7-4668-BE54-9A1E7A4F7556}") = "Endpoint.Application.Plugin.ContentManagement", "src\Plugins\Endpoint.Application.Plugin.ContentManagement\Endpoint.Application.Plugin.ContentManagement.csproj", "{7C5DCB70-4145-4333-81CC-FD1F68EF0290}"
EndProject
Project("{9A19103F-16F7-4668-BE54-9A1E7A4F7556}") = "Endpoint.Application.Plugin.Identity", "src\Plugins\Endpoint.Application.Plugin.Identity\Endpoint.Application.Plugin.Identity.csproj", "{1B3678AC-7B8E-4BEC-8622-69DF6F6CC458}"
EndProject
Project("{2150E333-8FDC-42A3-9474-1A3956D46DE8}") = "Plugins", "Plugins", "{0B174FAC-FF10-49F4-9BFF-92B900C24BC4}"
EndProject
Project("{9A19103F-16F7-4668-BE54-9A1E7A4F7556}") = "Endpoint.Application.Plugin.Spa", "src\Plugins\Endpoint.Application.Plugin.Spa\Endpoint.Application.Plugin.Spa.csproj", "{655DBE42-D8AE-4B97-A7A9-B0C0CB2E14FF}"
EndProject
Global
	GlobalSection(SolutionConfigurationPlatforms) = preSolution
		Debug|Any CPU = Debug|Any CPU
		Debug|x64 = Debug|x64
		Debug|x86 = Debug|x86
		Release|Any CPU = Release|Any CPU
		Release|x64 = Release|x64
		Release|x86 = Release|x86
	EndGlobalSection
	GlobalSection(ProjectConfigurationPlatforms) = postSolution
		{99A77197-991A-46A7-B28D-EBC560F12898}.Debug|Any CPU.ActiveCfg = Debug|Any CPU
		{99A77197-991A-46A7-B28D-EBC560F12898}.Debug|Any CPU.Build.0 = Debug|Any CPU
		{99A77197-991A-46A7-B28D-EBC560F12898}.Debug|x64.ActiveCfg = Debug|Any CPU
		{99A77197-991A-46A7-B28D-EBC560F12898}.Debug|x64.Build.0 = Debug|Any CPU
		{99A77197-991A-46A7-B28D-EBC560F12898}.Debug|x86.ActiveCfg = Debug|Any CPU
		{99A77197-991A-46A7-B28D-EBC560F12898}.Debug|x86.Build.0 = Debug|Any CPU
		{99A77197-991A-46A7-B28D-EBC560F12898}.Release|Any CPU.ActiveCfg = Release|Any CPU
		{99A77197-991A-46A7-B28D-EBC560F12898}.Release|Any CPU.Build.0 = Release|Any CPU
		{99A77197-991A-46A7-B28D-EBC560F12898}.Release|x64.ActiveCfg = Release|Any CPU
		{99A77197-991A-46A7-B28D-EBC560F12898}.Release|x64.Build.0 = Release|Any CPU
		{99A77197-991A-46A7-B28D-EBC560F12898}.Release|x86.ActiveCfg = Release|Any CPU
		{99A77197-991A-46A7-B28D-EBC560F12898}.Release|x86.Build.0 = Release|Any CPU
		{6E90BA37-20A7-4ABC-97E5-1B5551C9D45E}.Debug|Any CPU.ActiveCfg = Debug|Any CPU
		{6E90BA37-20A7-4ABC-97E5-1B5551C9D45E}.Debug|Any CPU.Build.0 = Debug|Any CPU
		{6E90BA37-20A7-4ABC-97E5-1B5551C9D45E}.Debug|x64.ActiveCfg = Debug|Any CPU
		{6E90BA37-20A7-4ABC-97E5-1B5551C9D45E}.Debug|x64.Build.0 = Debug|Any CPU
		{6E90BA37-20A7-4ABC-97E5-1B5551C9D45E}.Debug|x86.ActiveCfg = Debug|Any CPU
		{6E90BA37-20A7-4ABC-97E5-1B5551C9D45E}.Debug|x86.Build.0 = Debug|Any CPU
		{6E90BA37-20A7-4ABC-97E5-1B5551C9D45E}.Release|Any CPU.ActiveCfg = Release|Any CPU
		{6E90BA37-20A7-4ABC-97E5-1B5551C9D45E}.Release|Any CPU.Build.0 = Release|Any CPU
		{6E90BA37-20A7-4ABC-97E5-1B5551C9D45E}.Release|x64.ActiveCfg = Release|Any CPU
		{6E90BA37-20A7-4ABC-97E5-1B5551C9D45E}.Release|x64.Build.0 = Release|Any CPU
		{6E90BA37-20A7-4ABC-97E5-1B5551C9D45E}.Release|x86.ActiveCfg = Release|Any CPU
		{6E90BA37-20A7-4ABC-97E5-1B5551C9D45E}.Release|x86.Build.0 = Release|Any CPU
		{4849C67C-EC1A-4E64-83C0-FE18D5B04126}.Debug|Any CPU.ActiveCfg = Debug|Any CPU
		{4849C67C-EC1A-4E64-83C0-FE18D5B04126}.Debug|Any CPU.Build.0 = Debug|Any CPU
		{4849C67C-EC1A-4E64-83C0-FE18D5B04126}.Debug|x64.ActiveCfg = Debug|Any CPU
		{4849C67C-EC1A-4E64-83C0-FE18D5B04126}.Debug|x64.Build.0 = Debug|Any CPU
		{4849C67C-EC1A-4E64-83C0-FE18D5B04126}.Debug|x86.ActiveCfg = Debug|Any CPU
		{4849C67C-EC1A-4E64-83C0-FE18D5B04126}.Debug|x86.Build.0 = Debug|Any CPU
		{4849C67C-EC1A-4E64-83C0-FE18D5B04126}.Release|Any CPU.ActiveCfg = Release|Any CPU
		{4849C67C-EC1A-4E64-83C0-FE18D5B04126}.Release|Any CPU.Build.0 = Release|Any CPU
		{4849C67C-EC1A-4E64-83C0-FE18D5B04126}.Release|x64.ActiveCfg = Release|Any CPU
		{4849C67C-EC1A-4E64-83C0-FE18D5B04126}.Release|x64.Build.0 = Release|Any CPU
		{4849C67C-EC1A-4E64-83C0-FE18D5B04126}.Release|x86.ActiveCfg = Release|Any CPU
		{4849C67C-EC1A-4E64-83C0-FE18D5B04126}.Release|x86.Build.0 = Release|Any CPU
		{18CCEDEA-C81B-4BE1-8291-3BE0D0100DFC}.Debug|Any CPU.ActiveCfg = Debug|Any CPU
		{18CCEDEA-C81B-4BE1-8291-3BE0D0100DFC}.Debug|Any CPU.Build.0 = Debug|Any CPU
		{18CCEDEA-C81B-4BE1-8291-3BE0D0100DFC}.Debug|x64.ActiveCfg = Debug|Any CPU
		{18CCEDEA-C81B-4BE1-8291-3BE0D0100DFC}.Debug|x64.Build.0 = Debug|Any CPU
		{18CCEDEA-C81B-4BE1-8291-3BE0D0100DFC}.Debug|x86.ActiveCfg = Debug|Any CPU
		{18CCEDEA-C81B-4BE1-8291-3BE0D0100DFC}.Debug|x86.Build.0 = Debug|Any CPU
		{18CCEDEA-C81B-4BE1-8291-3BE0D0100DFC}.Release|Any CPU.ActiveCfg = Release|Any CPU
		{18CCEDEA-C81B-4BE1-8291-3BE0D0100DFC}.Release|Any CPU.Build.0 = Release|Any CPU
		{18CCEDEA-C81B-4BE1-8291-3BE0D0100DFC}.Release|x64.ActiveCfg = Release|Any CPU
		{18CCEDEA-C81B-4BE1-8291-3BE0D0100DFC}.Release|x64.Build.0 = Release|Any CPU
		{18CCEDEA-C81B-4BE1-8291-3BE0D0100DFC}.Release|x86.ActiveCfg = Release|Any CPU
		{18CCEDEA-C81B-4BE1-8291-3BE0D0100DFC}.Release|x86.Build.0 = Release|Any CPU
		{57B5E12C-B043-4CDC-BC67-8F949FA7334B}.Debug|Any CPU.ActiveCfg = Debug|Any CPU
		{57B5E12C-B043-4CDC-BC67-8F949FA7334B}.Debug|Any CPU.Build.0 = Debug|Any CPU
		{57B5E12C-B043-4CDC-BC67-8F949FA7334B}.Debug|x64.ActiveCfg = Debug|Any CPU
		{57B5E12C-B043-4CDC-BC67-8F949FA7334B}.Debug|x64.Build.0 = Debug|Any CPU
		{57B5E12C-B043-4CDC-BC67-8F949FA7334B}.Debug|x86.ActiveCfg = Debug|Any CPU
		{57B5E12C-B043-4CDC-BC67-8F949FA7334B}.Debug|x86.Build.0 = Debug|Any CPU
		{57B5E12C-B043-4CDC-BC67-8F949FA7334B}.Release|Any CPU.ActiveCfg = Release|Any CPU
		{57B5E12C-B043-4CDC-BC67-8F949FA7334B}.Release|Any CPU.Build.0 = Release|Any CPU
		{57B5E12C-B043-4CDC-BC67-8F949FA7334B}.Release|x64.ActiveCfg = Release|Any CPU
		{57B5E12C-B043-4CDC-BC67-8F949FA7334B}.Release|x64.Build.0 = Release|Any CPU
		{57B5E12C-B043-4CDC-BC67-8F949FA7334B}.Release|x86.ActiveCfg = Release|Any CPU
		{57B5E12C-B043-4CDC-BC67-8F949FA7334B}.Release|x86.Build.0 = Release|Any CPU
		{94896328-DCA7-471D-AC41-2E65A924A665}.Debug|Any CPU.ActiveCfg = Debug|Any CPU
		{94896328-DCA7-471D-AC41-2E65A924A665}.Debug|Any CPU.Build.0 = Debug|Any CPU
		{94896328-DCA7-471D-AC41-2E65A924A665}.Debug|x64.ActiveCfg = Debug|Any CPU
		{94896328-DCA7-471D-AC41-2E65A924A665}.Debug|x64.Build.0 = Debug|Any CPU
		{94896328-DCA7-471D-AC41-2E65A924A665}.Debug|x86.ActiveCfg = Debug|Any CPU
		{94896328-DCA7-471D-AC41-2E65A924A665}.Debug|x86.Build.0 = Debug|Any CPU
		{94896328-DCA7-471D-AC41-2E65A924A665}.Release|Any CPU.ActiveCfg = Release|Any CPU
		{94896328-DCA7-471D-AC41-2E65A924A665}.Release|Any CPU.Build.0 = Release|Any CPU
		{94896328-DCA7-471D-AC41-2E65A924A665}.Release|x64.ActiveCfg = Release|Any CPU
		{94896328-DCA7-471D-AC41-2E65A924A665}.Release|x64.Build.0 = Release|Any CPU
		{94896328-DCA7-471D-AC41-2E65A924A665}.Release|x86.ActiveCfg = Release|Any CPU
		{94896328-DCA7-471D-AC41-2E65A924A665}.Release|x86.Build.0 = Release|Any CPU
		{7C5DCB70-4145-4333-81CC-FD1F68EF0290}.Debug|Any CPU.ActiveCfg = Debug|Any CPU
		{7C5DCB70-4145-4333-81CC-FD1F68EF0290}.Debug|Any CPU.Build.0 = Debug|Any CPU
		{7C5DCB70-4145-4333-81CC-FD1F68EF0290}.Debug|x64.ActiveCfg = Debug|Any CPU
		{7C5DCB70-4145-4333-81CC-FD1F68EF0290}.Debug|x64.Build.0 = Debug|Any CPU
		{7C5DCB70-4145-4333-81CC-FD1F68EF0290}.Debug|x86.ActiveCfg = Debug|Any CPU
		{7C5DCB70-4145-4333-81CC-FD1F68EF0290}.Debug|x86.Build.0 = Debug|Any CPU
		{7C5DCB70-4145-4333-81CC-FD1F68EF0290}.Release|Any CPU.ActiveCfg = Release|Any CPU
		{7C5DCB70-4145-4333-81CC-FD1F68EF0290}.Release|Any CPU.Build.0 = Release|Any CPU
		{7C5DCB70-4145-4333-81CC-FD1F68EF0290}.Release|x64.ActiveCfg = Release|Any CPU
		{7C5DCB70-4145-4333-81CC-FD1F68EF0290}.Release|x64.Build.0 = Release|Any CPU
		{7C5DCB70-4145-4333-81CC-FD1F68EF0290}.Release|x86.ActiveCfg = Release|Any CPU
		{7C5DCB70-4145-4333-81CC-FD1F68EF0290}.Release|x86.Build.0 = Release|Any CPU
		{1B3678AC-7B8E-4BEC-8622-69DF6F6CC458}.Debug|Any CPU.ActiveCfg = Debug|Any CPU
		{1B3678AC-7B8E-4BEC-8622-69DF6F6CC458}.Debug|Any CPU.Build.0 = Debug|Any CPU
		{1B3678AC-7B8E-4BEC-8622-69DF6F6CC458}.Debug|x64.ActiveCfg = Debug|Any CPU
		{1B3678AC-7B8E-4BEC-8622-69DF6F6CC458}.Debug|x64.Build.0 = Debug|Any CPU
		{1B3678AC-7B8E-4BEC-8622-69DF6F6CC458}.Debug|x86.ActiveCfg = Debug|Any CPU
		{1B3678AC-7B8E-4BEC-8622-69DF6F6CC458}.Debug|x86.Build.0 = Debug|Any CPU
		{1B3678AC-7B8E-4BEC-8622-69DF6F6CC458}.Release|Any CPU.ActiveCfg = Release|Any CPU
		{1B3678AC-7B8E-4BEC-8622-69DF6F6CC458}.Release|Any CPU.Build.0 = Release|Any CPU
		{1B3678AC-7B8E-4BEC-8622-69DF6F6CC458}.Release|x64.ActiveCfg = Release|Any CPU
		{1B3678AC-7B8E-4BEC-8622-69DF6F6CC458}.Release|x64.Build.0 = Release|Any CPU
		{1B3678AC-7B8E-4BEC-8622-69DF6F6CC458}.Release|x86.ActiveCfg = Release|Any CPU
		{1B3678AC-7B8E-4BEC-8622-69DF6F6CC458}.Release|x86.Build.0 = Release|Any CPU
		{655DBE42-D8AE-4B97-A7A9-B0C0CB2E14FF}.Debug|Any CPU.ActiveCfg = Debug|Any CPU
		{655DBE42-D8AE-4B97-A7A9-B0C0CB2E14FF}.Debug|Any CPU.Build.0 = Debug|Any CPU
		{655DBE42-D8AE-4B97-A7A9-B0C0CB2E14FF}.Debug|x64.ActiveCfg = Debug|Any CPU
		{655DBE42-D8AE-4B97-A7A9-B0C0CB2E14FF}.Debug|x64.Build.0 = Debug|Any CPU
		{655DBE42-D8AE-4B97-A7A9-B0C0CB2E14FF}.Debug|x86.ActiveCfg = Debug|Any CPU
		{655DBE42-D8AE-4B97-A7A9-B0C0CB2E14FF}.Debug|x86.Build.0 = Debug|Any CPU
		{655DBE42-D8AE-4B97-A7A9-B0C0CB2E14FF}.Release|Any CPU.ActiveCfg = Release|Any CPU
		{655DBE42-D8AE-4B97-A7A9-B0C0CB2E14FF}.Release|Any CPU.Build.0 = Release|Any CPU
		{655DBE42-D8AE-4B97-A7A9-B0C0CB2E14FF}.Release|x64.ActiveCfg = Release|Any CPU
		{655DBE42-D8AE-4B97-A7A9-B0C0CB2E14FF}.Release|x64.Build.0 = Release|Any CPU
		{655DBE42-D8AE-4B97-A7A9-B0C0CB2E14FF}.Release|x86.ActiveCfg = Release|Any CPU
		{655DBE42-D8AE-4B97-A7A9-B0C0CB2E14FF}.Release|x86.Build.0 = Release|Any CPU
	EndGlobalSection
	GlobalSection(SolutionProperties) = preSolution
		HideSolutionNode = FALSE
	EndGlobalSection
	GlobalSection(NestedProjects) = preSolution
		{99A77197-991A-46A7-B28D-EBC560F12898} = {15A99D9B-572B-4D44-81BE-F6867FF8E1BE}
		{6E90BA37-20A7-4ABC-97E5-1B5551C9D45E} = {F4377315-7AD5-4B18-8F02-A253088CAF4D}
		{4849C67C-EC1A-4E64-83C0-FE18D5B04126} = {F4377315-7AD5-4B18-8F02-A253088CAF4D}
		{18CCEDEA-C81B-4BE1-8291-3BE0D0100DFC} = {15A99D9B-572B-4D44-81BE-F6867FF8E1BE}
		{57B5E12C-B043-4CDC-BC67-8F949FA7334B} = {15A99D9B-572B-4D44-81BE-F6867FF8E1BE}
		{94896328-DCA7-471D-AC41-2E65A924A665} = {15A99D9B-572B-4D44-81BE-F6867FF8E1BE}
		{C66D4839-605D-4EB5-8E2E-30DEB0DC4100} = {15A99D9B-572B-4D44-81BE-F6867FF8E1BE}
		{7C5DCB70-4145-4333-81CC-FD1F68EF0290} = {C66D4839-605D-4EB5-8E2E-30DEB0DC4100}
		{1B3678AC-7B8E-4BEC-8622-69DF6F6CC458} = {C66D4839-605D-4EB5-8E2E-30DEB0DC4100}
		{0B174FAC-FF10-49F4-9BFF-92B900C24BC4} = {F4377315-7AD5-4B18-8F02-A253088CAF4D}
		{655DBE42-D8AE-4B97-A7A9-B0C0CB2E14FF} = {C66D4839-605D-4EB5-8E2E-30DEB0DC4100}
	EndGlobalSection
	GlobalSection(ExtensibilityGlobals) = postSolution
		SolutionGuid = {AC7102AF-7E9C-4980-9861-48A3B74465E0}
	EndGlobalSection
EndGlobal
