
Microsoft Visual Studio Solution File, Format Version 12.00
# Visual Studio Version 17
VisualStudioVersion = 17.0.31903.59
MinimumVisualStudioVersion = 10.0.40219.1
Project("{2150E333-8FDC-42A3-9474-1A3956D46DE8}") = "src", "src", "{827E0CD3-B72D-47B6-A68D-7590B98EB39B}"
EndProject
Project("{FAE04EC0-301F-11D3-BF4B-00C04F79EFBC}") = "ConfigurationManagement.Core", "src\ConfigurationManagement.Core\ConfigurationManagement.Core.csproj", "{96212F92-BF8B-4F2E-8559-3751527338CB}"
EndProject
Project("{FAE04EC0-301F-11D3-BF4B-00C04F79EFBC}") = "ConfigurationManagement.Infrastructure", "src\ConfigurationManagement.Infrastructure\ConfigurationManagement.Infrastructure.csproj", "{3F761DC4-CFA8-4F8C-8E29-922D5452AEB4}"
EndProject
Global
	GlobalSection(SolutionConfigurationPlatforms) = preSolution
		Debug|Any CPU = Debug|Any CPU
		Debug|x64 = Debug|x64
		Debug|x86 = Debug|x86
		Release|Any CPU = Release|Any CPU
		Release|x64 = Release|x64
		Release|x86 = Release|x86
	EndGlobalSection
	GlobalSection(ProjectConfigurationPlatforms) = postSolution
		{96212F92-BF8B-4F2E-8559-3751527338CB}.Debug|Any CPU.ActiveCfg = Debug|Any CPU
		{96212F92-BF8B-4F2E-8559-3751527338CB}.Debug|Any CPU.Build.0 = Debug|Any CPU
		{96212F92-BF8B-4F2E-8559-3751527338CB}.Debug|x64.ActiveCfg = Debug|Any CPU
		{96212F92-BF8B-4F2E-8559-3751527338CB}.Debug|x64.Build.0 = Debug|Any CPU
		{96212F92-BF8B-4F2E-8559-3751527338CB}.Debug|x86.ActiveCfg = Debug|Any CPU
		{96212F92-BF8B-4F2E-8559-3751527338CB}.Debug|x86.Build.0 = Debug|Any CPU
		{96212F92-BF8B-4F2E-8559-3751527338CB}.Release|Any CPU.ActiveCfg = Release|Any CPU
		{96212F92-BF8B-4F2E-8559-3751527338CB}.Release|Any CPU.Build.0 = Release|Any CPU
		{96212F92-BF8B-4F2E-8559-3751527338CB}.Release|x64.ActiveCfg = Release|Any CPU
		{96212F92-BF8B-4F2E-8559-3751527338CB}.Release|x64.Build.0 = Release|Any CPU
		{96212F92-BF8B-4F2E-8559-3751527338CB}.Release|x86.ActiveCfg = Release|Any CPU
		{96212F92-BF8B-4F2E-8559-3751527338CB}.Release|x86.Build.0 = Release|Any CPU
		{3F761DC4-CFA8-4F8C-8E29-922D5452AEB4}.Debug|Any CPU.ActiveCfg = Debug|Any CPU
		{3F761DC4-CFA8-4F8C-8E29-922D5452AEB4}.Debug|Any CPU.Build.0 = Debug|Any CPU
		{3F761DC4-CFA8-4F8C-8E29-922D5452AEB4}.Debug|x64.ActiveCfg = Debug|Any CPU
		{3F761DC4-CFA8-4F8C-8E29-922D5452AEB4}.Debug|x64.Build.0 = Debug|Any CPU
		{3F761DC4-CFA8-4F8C-8E29-922D5452AEB4}.Debug|x86.ActiveCfg = Debug|Any CPU
		{3F761DC4-CFA8-4F8C-8E29-922D5452AEB4}.Debug|x86.Build.0 = Debug|Any CPU
		{3F761DC4-CFA8-4F8C-8E29-922D5452AEB4}.Release|Any CPU.ActiveCfg = Release|Any CPU
		{3F761DC4-CFA8-4F8C-8E29-922D5452AEB4}.Release|Any CPU.Build.0 = Release|Any CPU
		{3F761DC4-CFA8-4F8C-8E29-922D5452AEB4}.Release|x64.ActiveCfg = Release|Any CPU
		{3F761DC4-CFA8-4F8C-8E29-922D5452AEB4}.Release|x64.Build.0 = Release|Any CPU
		{3F761DC4-CFA8-4F8C-8E29-922D5452AEB4}.Release|x86.ActiveCfg = Release|Any CPU
		{3F761DC4-CFA8-4F8C-8E29-922D5452AEB4}.Release|x86.Build.0 = Release|Any CPU
	EndGlobalSection
	GlobalSection(SolutionProperties) = preSolution
		HideSolutionNode = FALSE
	EndGlobalSection
	GlobalSection(NestedProjects) = preSolution
		{96212F92-BF8B-4F2E-8559-3751527338CB} = {827E0CD3-B72D-47B6-A68D-7590B98EB39B}
		{3F761DC4-CFA8-4F8C-8E29-922D5452AEB4} = {827E0CD3-B72D-47B6-A68D-7590B98EB39B}
	EndGlobalSection
EndGlobal
