
Microsoft Visual Studio Solution File, Format Version 12.00
# Visual Studio Version 17
VisualStudioVersion = 17.0.31903.59
MinimumVisualStudioVersion = 10.0.40219.1
Project("{2150E333-8FDC-42A3-9474-1A3956D46DE8}") = "src", "src", "{827E0CD3-B72D-47B6-A68D-7590B98EB39B}"
EndProject
Project("{FAE04EC0-301F-11D3-BF4B-00C04F79EFBC}") = "Identity.Core", "src\Identity.Core\Identity.Core.csproj", "{B599C954-F8DC-4188-9085-4C318515F5CC}"
EndProject
Project("{FAE04EC0-301F-11D3-BF4B-00C04F79EFBC}") = "Identity.Infrastructure", "src\Identity.Infrastructure\Identity.Infrastructure.csproj", "{4683EA77-BEBE-4942-B0FC-1FE8D546120E}"
EndProject
Project("{FAE04EC0-301F-11D3-BF4B-00C04F79EFBC}") = "Identity.Api", "src\Identity.Api\Identity.Api.csproj", "{AE3834A6-A457-454B-BE28-D925D6132D22}"
EndProject
Global
	GlobalSection(SolutionConfigurationPlatforms) = preSolution
		Debug|Any CPU = Debug|Any CPU
		Debug|x64 = Debug|x64
		Debug|x86 = Debug|x86
		Release|Any CPU = Release|Any CPU
		Release|x64 = Release|x64
		Release|x86 = Release|x86
	EndGlobalSection
	GlobalSection(ProjectConfigurationPlatforms) = postSolution
		{B599C954-F8DC-4188-9085-4C318515F5CC}.Debug|Any CPU.ActiveCfg = Debug|Any CPU
		{B599C954-F8DC-4188-9085-4C318515F5CC}.Debug|Any CPU.Build.0 = Debug|Any CPU
		{B599C954-F8DC-4188-9085-4C318515F5CC}.Debug|x64.ActiveCfg = Debug|Any CPU
		{B599C954-F8DC-4188-9085-4C318515F5CC}.Debug|x64.Build.0 = Debug|Any CPU
		{B599C954-F8DC-4188-9085-4C318515F5CC}.Debug|x86.ActiveCfg = Debug|Any CPU
		{B599C954-F8DC-4188-9085-4C318515F5CC}.Debug|x86.Build.0 = Debug|Any CPU
		{B599C954-F8DC-4188-9085-4C318515F5CC}.Release|Any CPU.ActiveCfg = Release|Any CPU
		{B599C954-F8DC-4188-9085-4C318515F5CC}.Release|Any CPU.Build.0 = Release|Any CPU
		{B599C954-F8DC-4188-9085-4C318515F5CC}.Release|x64.ActiveCfg = Release|Any CPU
		{B599C954-F8DC-4188-9085-4C318515F5CC}.Release|x64.Build.0 = Release|Any CPU
		{B599C954-F8DC-4188-9085-4C318515F5CC}.Release|x86.ActiveCfg = Release|Any CPU
		{B599C954-F8DC-4188-9085-4C318515F5CC}.Release|x86.Build.0 = Release|Any CPU
		{4683EA77-BEBE-4942-B0FC-1FE8D546120E}.Debug|Any CPU.ActiveCfg = Debug|Any CPU
		{4683EA77-BEBE-4942-B0FC-1FE8D546120E}.Debug|Any CPU.Build.0 = Debug|Any CPU
		{4683EA77-BEBE-4942-B0FC-1FE8D546120E}.Debug|x64.ActiveCfg = Debug|Any CPU
		{4683EA77-BEBE-4942-B0FC-1FE8D546120E}.Debug|x64.Build.0 = Debug|Any CPU
		{4683EA77-BEBE-4942-B0FC-1FE8D546120E}.Debug|x86.ActiveCfg = Debug|Any CPU
		{4683EA77-BEBE-4942-B0FC-1FE8D546120E}.Debug|x86.Build.0 = Debug|Any CPU
		{4683EA77-BEBE-4942-B0FC-1FE8D546120E}.Release|Any CPU.ActiveCfg = Release|Any CPU
		{4683EA77-BEBE-4942-B0FC-1FE8D546120E}.Release|Any CPU.Build.0 = Release|Any CPU
		{4683EA77-BEBE-4942-B0FC-1FE8D546120E}.Release|x64.ActiveCfg = Release|Any CPU
		{4683EA77-BEBE-4942-B0FC-1FE8D546120E}.Release|x64.Build.0 = Release|Any CPU
		{4683EA77-BEBE-4942-B0FC-1FE8D546120E}.Release|x86.ActiveCfg = Release|Any CPU
		{4683EA77-BEBE-4942-B0FC-1FE8D546120E}.Release|x86.Build.0 = Release|Any CPU
		{AE3834A6-A457-454B-BE28-D925D6132D22}.Debug|Any CPU.ActiveCfg = Debug|Any CPU
		{AE3834A6-A457-454B-BE28-D925D6132D22}.Debug|Any CPU.Build.0 = Debug|Any CPU
		{AE3834A6-A457-454B-BE28-D925D6132D22}.Debug|x64.ActiveCfg = Debug|Any CPU
		{AE3834A6-A457-454B-BE28-D925D6132D22}.Debug|x64.Build.0 = Debug|Any CPU
		{AE3834A6-A457-454B-BE28-D925D6132D22}.Debug|x86.ActiveCfg = Debug|Any CPU
		{AE3834A6-A457-454B-BE28-D925D6132D22}.Debug|x86.Build.0 = Debug|Any CPU
		{AE3834A6-A457-454B-BE28-D925D6132D22}.Release|Any CPU.ActiveCfg = Release|Any CPU
		{AE3834A6-A457-454B-BE28-D925D6132D22}.Release|Any CPU.Build.0 = Release|Any CPU
		{AE3834A6-A457-454B-BE28-D925D6132D22}.Release|x64.ActiveCfg = Release|Any CPU
		{AE3834A6-A457-454B-BE28-D925D6132D22}.Release|x64.Build.0 = Release|Any CPU
		{AE3834A6-A457-454B-BE28-D925D6132D22}.Release|x86.ActiveCfg = Release|Any CPU
		{AE3834A6-A457-454B-BE28-D925D6132D22}.Release|x86.Build.0 = Release|Any CPU
	EndGlobalSection
	GlobalSection(SolutionProperties) = preSolution
		HideSolutionNode = FALSE
	EndGlobalSection
	GlobalSection(NestedProjects) = preSolution
		{B599C954-F8DC-4188-9085-4C318515F5CC} = {827E0CD3-B72D-47B6-A68D-7590B98EB39B}
		{4683EA77-BEBE-4942-B0FC-1FE8D546120E} = {827E0CD3-B72D-47B6-A68D-7590B98EB39B}
		{AE3834A6-A457-454B-BE28-D925D6132D22} = {827E0CD3-B72D-47B6-A68D-7590B98EB39B}
	EndGlobalSection
EndGlobal
