
Microsoft Visual Studio Solution File, Format Version 12.00
# Visual Studio Version 16
VisualStudioVersion = 16.0.30114.105
MinimumVisualStudioVersion = 10.0.40219.1
Project("{2150E333-8FDC-42A3-9474-1A3956D46DE8}") = "src", "src", "{E2538237-7CDC-4312-BBED-91EAE330D710}"
EndProject
Project("{FAE04EC0-301F-11D3-BF4B-00C04F79EFBC}") = "TodoApp.Api", "src\TodoApp.Api\TodoApp.Api.csproj", "{B41DF787-283F-4308-B125-5BB981BDF535}"
EndProject
Global
	GlobalSection(SolutionConfigurationPlatforms) = preSolution
		Debug|Any CPU = Debug|Any CPU
		Release|Any CPU = Release|Any CPU
	EndGlobalSection
	GlobalSection(SolutionProperties) = preSolution
		HideSolutionNode = FALSE
	EndGlobalSection
	GlobalSection(ProjectConfigurationPlatforms) = postSolution
		{B41DF787-283F-4308-B125-5BB981BDF535}.Debug|Any CPU.ActiveCfg = Debug|Any CPU
		{B41DF787-283F-4308-B125-5BB981BDF535}.Debug|Any CPU.Build.0 = Debug|Any CPU
		{B41DF787-283F-4308-B125-5BB981BDF535}.Release|Any CPU.ActiveCfg = Release|Any CPU
		{B41DF787-283F-4308-B125-5BB981BDF535}.Release|Any CPU.Build.0 = Release|Any CPU
	EndGlobalSection
	GlobalSection(NestedProjects) = preSolution
		{B41DF787-283F-4308-B125-5BB981BDF535} = {E2538237-7CDC-4312-BBED-91EAE330D710}
	EndGlobalSection
EndGlobal
