
Microsoft Visual Studio Solution File, Format Version 12.00
# Visual Studio Version 17
VisualStudioVersion = 17.0.31903.59
MinimumVisualStudioVersion = 10.0.40219.1
Project("{2150E333-8FDC-42A3-9474-1A3956D46DE8}") = "src", "src", "{827E0CD3-B72D-47B6-A68D-7590B98EB39B}"
EndProject
Project("{2150E333-8FDC-42A3-9474-1A3956D46DE8}") = "Shared", "Shared", "{C8E42992-5E42-0C2B-DBFE-AA848D06431C}"
EndProject
Project("{FAE04EC0-301F-11D3-BF4B-00C04F79EFBC}") = "Shared.Messaging.Abstractions", "src\Shared\Shared.Messaging.Abstractions\Shared.Messaging.Abstractions.csproj", "{A4A20CAE-532C-419B-8B0A-0E86C113E4A4}"
EndProject
Project("{FAE04EC0-301F-11D3-BF4B-00C04F79EFBC}") = "Shared.Domain", "src\Shared\Shared.Domain\Shared.Domain.csproj", "{FD116C37-3D65-4D07-94EA-50476B281F93}"
EndProject
Project("{FAE04EC0-301F-11D3-BF4B-00C04F79EFBC}") = "Shared.Contracts", "src\Shared\Shared.Contracts\Shared.Contracts.csproj", "{DFD0A86E-5AF8-4E95-9173-80AD86738A9D}"
EndProject
Project("{FAE04EC0-301F-11D3-BF4B-00C04F79EFBC}") = "Shared.Messaging.Redis", "src\Shared\Shared.Messaging.Redis\Shared.Messaging.Redis.csproj", "{8377D3A4-D8CC-4A1C-8856-484935DAABA3}"
EndProject
Project("{FAE04EC0-301F-11D3-BF4B-00C04F79EFBC}") = "Shared.Messaging.UdpMulticast", "src\Shared\Shared.Messaging.UdpMulticast\Shared.Messaging.UdpMulticast.csproj", "{D4A79900-5F4D-4820-894C-EFC6B29892F9}"
EndProject
Project("{FAE04EC0-301F-11D3-BF4B-00C04F79EFBC}") = "Shared.Messaging.Ccsds", "src\Shared\Shared.Messaging.Ccsds\Shared.Messaging.Ccsds.csproj", "{3CD45558-2314-4387-9F3B-73FC6C83FBC5}"
EndProject
Project("{FAE04EC0-301F-11D3-BF4B-00C04F79EFBC}") = "FlightSim.Shared", "src\Shared\FlightSim.Shared\FlightSim.Shared.csproj", "{1F2CC2C2-39C1-4F00-988E-447B3358C8AF}"
EndProject
Global
	GlobalSection(SolutionConfigurationPlatforms) = preSolution
		Debug|Any CPU = Debug|Any CPU
		Debug|x64 = Debug|x64
		Debug|x86 = Debug|x86
		Release|Any CPU = Release|Any CPU
		Release|x64 = Release|x64
		Release|x86 = Release|x86
	EndGlobalSection
	GlobalSection(ProjectConfigurationPlatforms) = postSolution
		{A4A20CAE-532C-419B-8B0A-0E86C113E4A4}.Debug|Any CPU.ActiveCfg = Debug|Any CPU
		{A4A20CAE-532C-419B-8B0A-0E86C113E4A4}.Debug|Any CPU.Build.0 = Debug|Any CPU
		{A4A20CAE-532C-419B-8B0A-0E86C113E4A4}.Debug|x64.ActiveCfg = Debug|Any CPU
		{A4A20CAE-532C-419B-8B0A-0E86C113E4A4}.Debug|x64.Build.0 = Debug|Any CPU
		{A4A20CAE-532C-419B-8B0A-0E86C113E4A4}.Debug|x86.ActiveCfg = Debug|Any CPU
		{A4A20CAE-532C-419B-8B0A-0E86C113E4A4}.Debug|x86.Build.0 = Debug|Any CPU
		{A4A20CAE-532C-419B-8B0A-0E86C113E4A4}.Release|Any CPU.ActiveCfg = Release|Any CPU
		{A4A20CAE-532C-419B-8B0A-0E86C113E4A4}.Release|Any CPU.Build.0 = Release|Any CPU
		{A4A20CAE-532C-419B-8B0A-0E86C113E4A4}.Release|x64.ActiveCfg = Release|Any CPU
		{A4A20CAE-532C-419B-8B0A-0E86C113E4A4}.Release|x64.Build.0 = Release|Any CPU
		{A4A20CAE-532C-419B-8B0A-0E86C113E4A4}.Release|x86.ActiveCfg = Release|Any CPU
		{A4A20CAE-532C-419B-8B0A-0E86C113E4A4}.Release|x86.Build.0 = Release|Any CPU
		{FD116C37-3D65-4D07-94EA-50476B281F93}.Debug|Any CPU.ActiveCfg = Debug|Any CPU
		{FD116C37-3D65-4D07-94EA-50476B281F93}.Debug|Any CPU.Build.0 = Debug|Any CPU
		{FD116C37-3D65-4D07-94EA-50476B281F93}.Debug|x64.ActiveCfg = Debug|Any CPU
		{FD116C37-3D65-4D07-94EA-50476B281F93}.Debug|x64.Build.0 = Debug|Any CPU
		{FD116C37-3D65-4D07-94EA-50476B281F93}.Debug|x86.ActiveCfg = Debug|Any CPU
		{FD116C37-3D65-4D07-94EA-50476B281F93}.Debug|x86.Build.0 = Debug|Any CPU
		{FD116C37-3D65-4D07-94EA-50476B281F93}.Release|Any CPU.ActiveCfg = Release|Any CPU
		{FD116C37-3D65-4D07-94EA-50476B281F93}.Release|Any CPU.Build.0 = Release|Any CPU
		{FD116C37-3D65-4D07-94EA-50476B281F93}.Release|x64.ActiveCfg = Release|Any CPU
		{FD116C37-3D65-4D07-94EA-50476B281F93}.Release|x64.Build.0 = Release|Any CPU
		{FD116C37-3D65-4D07-94EA-50476B281F93}.Release|x86.ActiveCfg = Release|Any CPU
		{FD116C37-3D65-4D07-94EA-50476B281F93}.Release|x86.Build.0 = Release|Any CPU
		{DFD0A86E-5AF8-4E95-9173-80AD86738A9D}.Debug|Any CPU.ActiveCfg = Debug|Any CPU
		{DFD0A86E-5AF8-4E95-9173-80AD86738A9D}.Debug|Any CPU.Build.0 = Debug|Any CPU
		{DFD0A86E-5AF8-4E95-9173-80AD86738A9D}.Debug|x64.ActiveCfg = Debug|Any CPU
		{DFD0A86E-5AF8-4E95-9173-80AD86738A9D}.Debug|x64.Build.0 = Debug|Any CPU
		{DFD0A86E-5AF8-4E95-9173-80AD86738A9D}.Debug|x86.ActiveCfg = Debug|Any CPU
		{DFD0A86E-5AF8-4E95-9173-80AD86738A9D}.Debug|x86.Build.0 = Debug|Any CPU
		{DFD0A86E-5AF8-4E95-9173-80AD86738A9D}.Release|Any CPU.ActiveCfg = Release|Any CPU
		{DFD0A86E-5AF8-4E95-9173-80AD86738A9D}.Release|Any CPU.Build.0 = Release|Any CPU
		{DFD0A86E-5AF8-4E95-9173-80AD86738A9D}.Release|x64.ActiveCfg = Release|Any CPU
		{DFD0A86E-5AF8-4E95-9173-80AD86738A9D}.Release|x64.Build.0 = Release|Any CPU
		{DFD0A86E-5AF8-4E95-9173-80AD86738A9D}.Release|x86.ActiveCfg = Release|Any CPU
		{DFD0A86E-5AF8-4E95-9173-80AD86738A9D}.Release|x86.Build.0 = Release|Any CPU
		{8377D3A4-D8CC-4A1C-8856-484935DAABA3}.Debug|Any CPU.ActiveCfg = Debug|Any CPU
		{8377D3A4-D8CC-4A1C-8856-484935DAABA3}.Debug|Any CPU.Build.0 = Debug|Any CPU
		{8377D3A4-D8CC-4A1C-8856-484935DAABA3}.Debug|x64.ActiveCfg = Debug|Any CPU
		{8377D3A4-D8CC-4A1C-8856-484935DAABA3}.Debug|x64.Build.0 = Debug|Any CPU
		{8377D3A4-D8CC-4A1C-8856-484935DAABA3}.Debug|x86.ActiveCfg = Debug|Any CPU
		{8377D3A4-D8CC-4A1C-8856-484935DAABA3}.Debug|x86.Build.0 = Debug|Any CPU
		{8377D3A4-D8CC-4A1C-8856-484935DAABA3}.Release|Any CPU.ActiveCfg = Release|Any CPU
		{8377D3A4-D8CC-4A1C-8856-484935DAABA3}.Release|Any CPU.Build.0 = Release|Any CPU
		{8377D3A4-D8CC-4A1C-8856-484935DAABA3}.Release|x64.ActiveCfg = Release|Any CPU
		{8377D3A4-D8CC-4A1C-8856-484935DAABA3}.Release|x64.Build.0 = Release|Any CPU
		{8377D3A4-D8CC-4A1C-8856-484935DAABA3}.Release|x86.ActiveCfg = Release|Any CPU
		{8377D3A4-D8CC-4A1C-8856-484935DAABA3}.Release|x86.Build.0 = Release|Any CPU
		{D4A79900-5F4D-4820-894C-EFC6B29892F9}.Debug|Any CPU.ActiveCfg = Debug|Any CPU
		{D4A79900-5F4D-4820-894C-EFC6B29892F9}.Debug|Any CPU.Build.0 = Debug|Any CPU
		{D4A79900-5F4D-4820-894C-EFC6B29892F9}.Debug|x64.ActiveCfg = Debug|Any CPU
		{D4A79900-5F4D-4820-894C-EFC6B29892F9}.Debug|x64.Build.0 = Debug|Any CPU
		{D4A79900-5F4D-4820-894C-EFC6B29892F9}.Debug|x86.ActiveCfg = Debug|Any CPU
		{D4A79900-5F4D-4820-894C-EFC6B29892F9}.Debug|x86.Build.0 = Debug|Any CPU
		{D4A79900-5F4D-4820-894C-EFC6B29892F9}.Release|Any CPU.ActiveCfg = Release|Any CPU
		{D4A79900-5F4D-4820-894C-EFC6B29892F9}.Release|Any CPU.Build.0 = Release|Any CPU
		{D4A79900-5F4D-4820-894C-EFC6B29892F9}.Release|x64.ActiveCfg = Release|Any CPU
		{D4A79900-5F4D-4820-894C-EFC6B29892F9}.Release|x64.Build.0 = Release|Any CPU
		{D4A79900-5F4D-4820-894C-EFC6B29892F9}.Release|x86.ActiveCfg = Release|Any CPU
		{D4A79900-5F4D-4820-894C-EFC6B29892F9}.Release|x86.Build.0 = Release|Any CPU
		{3CD45558-2314-4387-9F3B-73FC6C83FBC5}.Debug|Any CPU.ActiveCfg = Debug|Any CPU
		{3CD45558-2314-4387-9F3B-73FC6C83FBC5}.Debug|Any CPU.Build.0 = Debug|Any CPU
		{3CD45558-2314-4387-9F3B-73FC6C83FBC5}.Debug|x64.ActiveCfg = Debug|Any CPU
		{3CD45558-2314-4387-9F3B-73FC6C83FBC5}.Debug|x64.Build.0 = Debug|Any CPU
		{3CD45558-2314-4387-9F3B-73FC6C83FBC5}.Debug|x86.ActiveCfg = Debug|Any CPU
		{3CD45558-2314-4387-9F3B-73FC6C83FBC5}.Debug|x86.Build.0 = Debug|Any CPU
		{3CD45558-2314-4387-9F3B-73FC6C83FBC5}.Release|Any CPU.ActiveCfg = Release|Any CPU
		{3CD45558-2314-4387-9F3B-73FC6C83FBC5}.Release|Any CPU.Build.0 = Release|Any CPU
		{3CD45558-2314-4387-9F3B-73FC6C83FBC5}.Release|x64.ActiveCfg = Release|Any CPU
		{3CD45558-2314-4387-9F3B-73FC6C83FBC5}.Release|x64.Build.0 = Release|Any CPU
		{3CD45558-2314-4387-9F3B-73FC6C83FBC5}.Release|x86.ActiveCfg = Release|Any CPU
		{3CD45558-2314-4387-9F3B-73FC6C83FBC5}.Release|x86.Build.0 = Release|Any CPU
		{1F2CC2C2-39C1-4F00-988E-447B3358C8AF}.Debug|Any CPU.ActiveCfg = Debug|Any CPU
		{1F2CC2C2-39C1-4F00-988E-447B3358C8AF}.Debug|Any CPU.Build.0 = Debug|Any CPU
		{1F2CC2C2-39C1-4F00-988E-447B3358C8AF}.Debug|x64.ActiveCfg = Debug|Any CPU
		{1F2CC2C2-39C1-4F00-988E-447B3358C8AF}.Debug|x64.Build.0 = Debug|Any CPU
		{1F2CC2C2-39C1-4F00-988E-447B3358C8AF}.Debug|x86.ActiveCfg = Debug|Any CPU
		{1F2CC2C2-39C1-4F00-988E-447B3358C8AF}.Debug|x86.Build.0 = Debug|Any CPU
		{1F2CC2C2-39C1-4F00-988E-447B3358C8AF}.Release|Any CPU.ActiveCfg = Release|Any CPU
		{1F2CC2C2-39C1-4F00-988E-447B3358C8AF}.Release|Any CPU.Build.0 = Release|Any CPU
		{1F2CC2C2-39C1-4F00-988E-447B3358C8AF}.Release|x64.ActiveCfg = Release|Any CPU
		{1F2CC2C2-39C1-4F00-988E-447B3358C8AF}.Release|x64.Build.0 = Release|Any CPU
		{1F2CC2C2-39C1-4F00-988E-447B3358C8AF}.Release|x86.ActiveCfg = Release|Any CPU
		{1F2CC2C2-39C1-4F00-988E-447B3358C8AF}.Release|x86.Build.0 = Release|Any CPU
	EndGlobalSection
	GlobalSection(SolutionProperties) = preSolution
		HideSolutionNode = FALSE
	EndGlobalSection
	GlobalSection(NestedProjects) = preSolution
		{C8E42992-5E42-0C2B-DBFE-AA848D06431C} = {827E0CD3-B72D-47B6-A68D-7590B98EB39B}
		{A4A20CAE-532C-419B-8B0A-0E86C113E4A4} = {C8E42992-5E42-0C2B-DBFE-AA848D06431C}
		{FD116C37-3D65-4D07-94EA-50476B281F93} = {C8E42992-5E42-0C2B-DBFE-AA848D06431C}
		{DFD0A86E-5AF8-4E95-9173-80AD86738A9D} = {C8E42992-5E42-0C2B-DBFE-AA848D06431C}
		{8377D3A4-D8CC-4A1C-8856-484935DAABA3} = {C8E42992-5E42-0C2B-DBFE-AA848D06431C}
		{D4A79900-5F4D-4820-894C-EFC6B29892F9} = {C8E42992-5E42-0C2B-DBFE-AA848D06431C}
		{3CD45558-2314-4387-9F3B-73FC6C83FBC5} = {C8E42992-5E42-0C2B-DBFE-AA848D06431C}
		{1F2CC2C2-39C1-4F00-988E-447B3358C8AF} = {C8E42992-5E42-0C2B-DBFE-AA848D06431C}
	EndGlobalSection
EndGlobal
